// !$*UTF8*$!
{
	archiveVersion = 1;
	classes = {
	};
	objectVersion = 70;
	objects = {

/* Begin PBXBuildFile section */
		151F147A2D77BE1900B51F88 /* UIKit.framework in Frameworks */ = {isa = PBXBuildFile; fileRef = 151F14792D77BE1900B51F88 /* UIKit.framework */; };
		15741EA52CEFE2FB00CDE4F9 /* README.md in Resources */ = {isa = PBXBuildFile; fileRef = 15741EA42CEFE2F400CDE4F9 /* README.md */; };
		15753FA52F74D9CA00007262 /* Nutrivance for Apple Watch.app in Embed Watch Content */ = {isa = PBXBuildFile; fileRef = 15753F9B2F74D9C900007262 /* Nutrivance for Apple Watch.app */; platformFilter = ios; settings = {ATTRIBUTES = (RemoveHeadersOnCopy, ); }; };
		15D149C82F87F30A007BA63A /* MLX in Frameworks */ = {isa = PBXBuildFile; productRef = 15D149C72F87F30A007BA63A /* MLX */; };
		15D149CA2F87F30A007BA63A /* MLXFFT in Frameworks */ = {isa = PBXBuildFile; productRef = 15D149C92F87F30A007BA63A /* MLXFFT */; };
		15D149CC2F87F30A007BA63A /* MLXFast in Frameworks */ = {isa = PBXBuildFile; productRef = 15D149CB2F87F30A007BA63A /* MLXFast */; };
		15D149CE2F87F30A007BA63A /* MLXLinalg in Frameworks */ = {isa = PBXBuildFile; productRef = 15D149CD2F87F30A007BA63A /* MLXLinalg */; };
		15D149D02F87F30A007BA63A /* MLXNN in Frameworks */ = {isa = PBXBuildFile; productRef = 15D149CF2F87F30A007BA63A /* MLXNN */; };
		15D149D22F87F30A007BA63A /* MLXOptimizers in Frameworks */ = {isa = PBXBuildFile; productRef = 15D149D12F87F30A007BA63A /* MLXOptimizers */; };
		15D149D42F87F30A007BA63A /* MLXRandom in Frameworks */ = {isa = PBXBuildFile; productRef = 15D149D32F87F30A007BA63A /* MLXRandom */; };
		15D7FFBE2CD1426A0048E050 /* NutrivanceUITests.swift in Sources */ = {isa = PBXBuildFile; fileRef = 15D7FFBD2CD1426A0048E050 /* NutrivanceUITests.swift */; };
		15D7FFC02CD1426A0048E050 /* NutrivanceUITestsLaunchTests.swift in Sources */ = {isa = PBXBuildFile; fileRef = 15D7FFBF2CD1426A0048E050 /* NutrivanceUITestsLaunchTests.swift */; };
		15F581EB2F7763BE00F27319 /* PrivacyInfo.xcprivacy in Resources */ = {isa = PBXBuildFile; fileRef = 15F581EA2F7763BE00F27319 /* PrivacyInfo.xcprivacy */; };
		22A1B3C42FAAA00100A1B2C3 /* MLXLLM in Frameworks */ = {isa = PBXBuildFile; productRef = 22A1B3C22FAAA00100A1B2C3 /* MLXLLM */; };
		22A1B3C52FAAA00100A1B2C3 /* MLXLMCommon in Frameworks */ = {isa = PBXBuildFile; productRef = 22A1B3C32FAAA00100A1B2C3 /* MLXLMCommon */; };
/* End PBXBuildFile section */

/* Begin PBXContainerItemProxy section */
		15753FA32F74D9CA00007262 /* PBXContainerItemProxy */ = {
			isa = PBXContainerItemProxy;
			containerPortal = 15D7FF952CD142690048E050 /* Project object */;
			proxyType = 1;
			remoteGlobalIDString = 15753F9A2F74D9C900007262;
			remoteInfo = "Nutrivance for Apple Watch Watch App";
		};
		15D7FFB02CD1426A0048E050 /* PBXContainerItemProxy */ = {
			isa = PBXContainerItemProxy;
			containerPortal = 15D7FF952CD142690048E050 /* Project object */;
			proxyType = 1;
			remoteGlobalIDString = 15D7FF9C2CD142690048E050;
			remoteInfo = Nutrivance;
		};
		15D7FFBA2CD1426A0048E050 /* PBXContainerItemProxy */ = {
			isa = PBXContainerItemProxy;
			containerPortal = 15D7FF952CD142690048E050 /* Project object */;
			proxyType = 1;
			remoteGlobalIDString = 15D7FF9C2CD142690048E050;
			remoteInfo = Nutrivance;
		};
/* End PBXContainerItemProxy section */

/* Begin PBXCopyFilesBuildPhase section */
		15753FA62F74D9CA00007262 /* Embed Watch Content */ = {
			isa = PBXCopyFilesBuildPhase;
			buildActionMask = 2147483647;
			dstPath = "$(CONTENTS_FOLDER_PATH)/Watch";
			dstSubfolderSpec = 16;
			files = (
				15753FA52F74D9CA00007262 /* Nutrivance for Apple Watch.app in Embed Watch Content */,
			);
			name = "Embed Watch Content";
			runOnlyForDeploymentPostprocessing = 0;
		};
		15AC8E9F2CDCF4FE0002101A /* Embed Foundation Extensions */ = {
			isa = PBXCopyFilesBuildPhase;
			buildActionMask = 2147483647;
			dstPath = "";
			dstSubfolderSpec = 13;
			files = (
			);
			name = "Embed Foundation Extensions";
			runOnlyForDeploymentPostprocessing = 0;
		};
/* End PBXCopyFilesBuildPhase section */

/* Begin PBXFileReference section */
		151F14792D77BE1900B51F88 /* UIKit.framework */ = {isa = PBXFileReference; lastKnownFileType = wrapper.framework; name = UIKit.framework; path = System/Library/Frameworks/UIKit.framework; sourceTree = SDKROOT; };
		15741EA42CEFE2F400CDE4F9 /* README.md */ = {isa = PBXFileReference; lastKnownFileType = net.daringfireball.markdown; path = README.md; sourceTree = "<group>"; };
		15753F9B2F74D9C900007262 /* Nutrivance for Apple Watch.app */ = {isa = PBXFileReference; explicitFileType = wrapper.application; includeInIndex = 0; path = "Nutrivance for Apple Watch.app"; sourceTree = BUILT_PRODUCTS_DIR; };
		159A95E22F95EDB0007CDCDB /* AchievementsView.swift */ = {isa = PBXFileReference; lastKnownFileType = sourcecode.swift; path = AchievementsView.swift; sourceTree = "<group>"; };
		159A95E32F95EDB0007CDCDB /* ActivityRingsView.swift */ = {isa = PBXFileReference; lastKnownFileType = sourcecode.swift; path = ActivityRingsView.swift; sourceTree = "<group>"; };
		159A95E42F95EDB0007CDCDB /* AddMealView.swift */ = {isa = PBXFileReference; lastKnownFileType = sourcecode.swift; path = AddMealView.swift; sourceTree = "<group>"; };
		159A95E52F95EDB0007CDCDB /* Assets.xcassets */ = {isa = PBXFileReference; lastKnownFileType = folder.assetcatalog; path = Assets.xcassets; sourceTree = "<group>"; };
		159A95E62F95EDB0007CDCDB /* BarcodeScannerView.swift */ = {isa = PBXFileReference; lastKnownFileType = sourcecode.swift; path = BarcodeScannerView.swift; sourceTree = "<group>"; };
		159A95E72F95EDB0007CDCDB /* BreathingView.swift */ = {isa = PBXFileReference; lastKnownFileType = sourcecode.swift; path = BreathingView.swift; sourceTree = "<group>"; };
		159A95E82F95EDB0007CDCDB /* CaloriesBurnedView.swift */ = {isa = PBXFileReference; lastKnownFileType = sourcecode.swift; path = CaloriesBurnedView.swift; sourceTree = "<group>"; };
		159A95E92F95EDB0007CDCDB /* CameraOCRView.swift */ = {isa = PBXFileReference; lastKnownFileType = sourcecode.swift; path = CameraOCRView.swift; sourceTree = "<group>"; };
		159A95EA2F95EDB0007CDCDB /* CatalystKeyboardNavigation.swift */ = {isa = PBXFileReference; lastKnownFileType = sourcecode.swift; path = CatalystKeyboardNavigation.swift; sourceTree = "<group>"; };
		159A95EB2F95EDB0007CDCDB /* CatalystTrainingLoadSync.swift */ = {isa = PBXFileReference; lastKnownFileType = sourcecode.swift; path = CatalystTrainingLoadSync.swift; sourceTree = "<group>"; };
		159A95EC2F95EDB0007CDCDB /* ChartInteractionSmoothing.swift */ = {isa = PBXFileReference; lastKnownFileType = sourcecode.swift; path = ChartInteractionSmoothing.swift; sourceTree = "<group>"; };
		159A95ED2F95EDB0007CDCDB /* CloudKitImportView.swift */ = {isa = PBXFileReference; lastKnownFileType = sourcecode.swift; path = CloudKitImportView.swift; sourceTree = "<group>"; };
		159A95EE2F95EDB0007CDCDB /* CloudKitManager.swift */ = {isa = PBXFileReference; lastKnownFileType = sourcecode.swift; path = CloudKitManager.swift; sourceTree = "<group>"; };
		159A95EF2F95EDB0007CDCDB /* CoachComparisonView.swift */ = {isa = PBXFileReference; lastKnownFileType = sourcecode.swift; path = CoachComparisonView.swift; sourceTree = "<group>"; };
		159A95F02F95EDB0007CDCDB /* CoachView.swift */ = {isa = PBXFileReference; lastKnownFileType = sourcecode.swift; path = CoachView.swift; sourceTree = "<group>"; };
		159A95F12F95EDB0007CDCDB /* ComingSoonView.swift */ = {isa = PBXFileReference; lastKnownFileType = sourcecode.swift; path = ComingSoonView.swift; sourceTree = "<group>"; };
		159A95F22F95EDB0007CDCDB /* ContentView.swift */ = {isa = PBXFileReference; lastKnownFileType = sourcecode.swift; path = ContentView.swift; sourceTree = "<group>"; };
		159A95F32F95EDB0007CDCDB /* ContentView_iPad.swift */ = {isa = PBXFileReference; lastKnownFileType = sourcecode.swift; path = ContentView_iPad.swift; sourceTree = "<group>"; };
		159A95F42F95EDB0007CDCDB /* ContentView_iPad_alt.swift */ = {isa = PBXFileReference; lastKnownFileType = sourcecode.swift; path = ContentView_iPad_alt.swift; sourceTree = "<group>"; };
		159A95F52F95EDB0007CDCDB /* ContentView_iPad_compact.swift */ = {isa = PBXFileReference; lastKnownFileType = sourcecode.swift; path = ContentView_iPad_compact.swift; sourceTree = "<group>"; };
		159A95F62F95EDB0007CDCDB /* ContentView_iPhone.swift */ = {isa = PBXFileReference; lastKnownFileType = sourcecode.swift; path = ContentView_iPhone.swift; sourceTree = "<group>"; };
		159A95F72F95EDB0007CDCDB /* ContentView_iPhone_alt.swift */ = {isa = PBXFileReference; lastKnownFileType = sourcecode.swift; path = ContentView_iPhone_alt.swift; sourceTree = "<group>"; };
		159A95F82F95EDB0007CDCDB /* DashboardView.swift */ = {isa = PBXFileReference; lastKnownFileType = sourcecode.swift; path = DashboardView.swift; sourceTree = "<group>"; };
		159A95F92F95EDB0007CDCDB /* DistanceView.swift */ = {isa = PBXFileReference; lastKnownFileType = sourcecode.swift; path = DistanceView.swift; sourceTree = "<group>"; };
		159A95FA2F95EDB0007CDCDB /* DragAndDrop_Mac.swift */ = {isa = PBXFileReference; lastKnownFileType = sourcecode.swift; path = DragAndDrop_Mac.swift; sourceTree = "<group>"; };
		159A95FB2F95EDB0007CDCDB /* ExerciseLibraryView.swift */ = {isa = PBXFileReference; lastKnownFileType = sourcecode.swift; path = ExerciseLibraryView.swift; sourceTree = "<group>"; };
		159A95FC2F95EDB0007CDCDB /* FeelGoodScoreDetailView.swift */ = {isa = PBXFileReference; lastKnownFileType = sourcecode.swift; path = FeelGoodScoreDetailView.swift; sourceTree = "<group>"; };
		159A95FD2F95EDB0007CDCDB /* FriendActivityView.swift */ = {isa = PBXFileReference; lastKnownFileType = sourcecode.swift; path = FriendActivityView.swift; sourceTree = "<group>"; };
		159A95FE2F95EDB0007CDCDB /* FuelCheckView.swift */ = {isa = PBXFileReference; lastKnownFileType = sourcecode.swift; path = FuelCheckView.swift; sourceTree = "<group>"; };
		159A95FF2F95EDB0007CDCDB /* GoalsView.swift */ = {isa = PBXFileReference; lastKnownFileType = sourcecode.swift; path = GoalsView.swift; sourceTree = "<group>"; };
		159A96002F95EDB0007CDCDB /* GradientBackgrounds.swift */ = {isa = PBXFileReference; lastKnownFileType = sourcecode.swift; path = GradientBackgrounds.swift; sourceTree = "<group>"; };
		159A96012F95EDB0007CDCDB /* HealthAnalysisService.swift */ = {isa = PBXFileReference; lastKnownFileType = sourcecode.swift; path = HealthAnalysisService.swift; sourceTree = "<group>"; };
		159A96022F95EDB0007CDCDB /* HealthCard.swift */ = {isa = PBXFileReference; lastKnownFileType = sourcecode.swift; path = HealthCard.swift; sourceTree = "<group>"; };
		159A96032F95EDB0007CDCDB /* HealthInsightsView.swift */ = {isa = PBXFileReference; lastKnownFileType = sourcecode.swift; path = HealthInsightsView.swift; sourceTree = "<group>"; };
		159A96042F95EDB0007CDCDB /* HealthKitCloudSyncProducer.swift */ = {isa = PBXFileReference; lastKnownFileType = sourcecode.swift; path = HealthKitCloudSyncProducer.swift; sourceTree = "<group>"; };
		159A96052F95EDB0007CDCDB /* HealthKitImportView.swift */ = {isa = PBXFileReference; lastKnownFileType = sourcecode.swift; path = HealthKitImportView.swift; sourceTree = "<group>"; };
		159A96062F95EDB0007CDCDB /* HealthKitManager.swift */ = {isa = PBXFileReference; lastKnownFileType = sourcecode.swift; path = HealthKitManager.swift; sourceTree = "<group>"; };
		159A96072F95EDB0007CDCDB /* HealthMetricCloudKitSchema.swift */ = {isa = PBXFileReference; lastKnownFileType = sourcecode.swift; path = HealthMetricCloudKitSchema.swift; sourceTree = "<group>"; };
		159A96082F95EDB0007CDCDB /* HealthStateEngine.swift */ = {isa = PBXFileReference; lastKnownFileType = sourcecode.swift; path = HealthStateEngine.swift; sourceTree = "<group>"; };
		159A96092F95EDB0007CDCDB /* HealthStateEngine+PersonalizedMET.swift */ = {isa = PBXFileReference; lastKnownFileType = sourcecode.swift; path = "HealthStateEngine+PersonalizedMET.swift"; sourceTree = "<group>"; };
		159A960A2F95EDB0007CDCDB /* HealthStateEngine+ProAthlete.swift */ = {isa = PBXFileReference; lastKnownFileType = sourcecode.swift; path = "HealthStateEngine+ProAthlete.swift"; sourceTree = "<group>"; };
		159A960B2F95EDB0007CDCDB /* HeartZonesView.swift */ = {isa = PBXFileReference; lastKnownFileType = sourcecode.swift; path = HeartZonesView.swift; sourceTree = "<group>"; };
		159A960C2F95EDB0007CDCDB /* HistoryView.swift */ = {isa = PBXFileReference; lastKnownFileType = sourcecode.swift; path = HistoryView.swift; sourceTree = "<group>"; };
		159A960D2F95EDB0007CDCDB /* HomeView.swift */ = {isa = PBXFileReference; lastKnownFileType = sourcecode.swift; path = HomeView.swift; sourceTree = "<group>"; };
		159A960E2F95EDB0007CDCDB /* HydrationStatusView.swift */ = {isa = PBXFileReference; lastKnownFileType = sourcecode.swift; path = HydrationStatusView.swift; sourceTree = "<group>"; };
		159A960F2F95EDB0007CDCDB /* ImagePicker.swift */ = {isa = PBXFileReference; lastKnownFileType = sourcecode.swift; path = ImagePicker.swift; sourceTree = "<group>"; };
		159A96102F95EDB0007CDCDB /* Info.plist */ = {isa = PBXFileReference; lastKnownFileType = text.plist.xml; path = Info.plist; sourceTree = "<group>"; };
		159A96112F95EDB0007CDCDB /* iOSWorkoutSyncManager.swift */ = {isa = PBXFileReference; lastKnownFileType = sourcecode.swift; path = iOSWorkoutSyncManager.swift; sourceTree = "<group>"; };
		159A96122F95EDB0007CDCDB /* Item.swift */ = {isa = PBXFileReference; lastKnownFileType = sourcecode.swift; path = Item.swift; sourceTree = "<group>"; };
		159A96132F95EDB0007CDCDB /* JournalView.swift */ = {isa = PBXFileReference; lastKnownFileType = sourcecode.swift; path = JournalView.swift; sourceTree = "<group>"; };
		159A96142F95EDB0007CDCDB /* LeaderboardsView.swift */ = {isa = PBXFileReference; lastKnownFileType = sourcecode.swift; path = LeaderboardsView.swift; sourceTree = "<group>"; };
		159A96152F95EDB0007CDCDB /* LiveChallengesView.swift */ = {isa = PBXFileReference; lastKnownFileType = sourcecode.swift; path = LiveChallengesView.swift; sourceTree = "<group>"; };
		159A96162F95EDB0007CDCDB /* LogView.swift */ = {isa = PBXFileReference; lastKnownFileType = sourcecode.swift; path = LogView.swift; sourceTree = "<group>"; };
		159A96172F95EDB0007CDCDB /* MacCatalystDataCache.swift */ = {isa = PBXFileReference; lastKnownFileType = sourcecode.swift; path = MacCatalystDataCache.swift; sourceTree = "<group>"; };
		159A96182F95EDB0007CDCDB /* MacCatalystHealthDataPolicy.swift */ = {isa = PBXFileReference; lastKnownFileType = sourcecode.swift; path = MacCatalystHealthDataPolicy.swift; sourceTree = "<group>"; };
		159A96192F95EDB0007CDCDB /* MacCatalystPickerCompat.swift */ = {isa = PBXFileReference; lastKnownFileType = sourcecode.swift; path = MacCatalystPickerCompat.swift; sourceTree = "<group>"; };
		159A961A2F95EDB0007CDCDB /* MacroBalanceView.swift */ = {isa = PBXFileReference; lastKnownFileType = sourcecode.swift; path = MacroBalanceView.swift; sourceTree = "<group>"; };
		159A961B2F95EDB0007CDCDB /* MeditationView.swift */ = {isa = PBXFileReference; lastKnownFileType = sourcecode.swift; path = MeditationView.swift; sourceTree = "<group>"; };
		159A961C2F95EDB0007CDCDB /* MindfulnessRealmView.swift */ = {isa = PBXFileReference; lastKnownFileType = sourcecode.swift; path = MindfulnessRealmView.swift; sourceTree = "<group>"; };
		159A961D2F95EDB0007CDCDB /* MobilityTestView.swift */ = {isa = PBXFileReference; lastKnownFileType = sourcecode.swift; path = MobilityTestView.swift; sourceTree = "<group>"; };
		159A961E2F95EDB0007CDCDB /* MoodTrackerView.swift */ = {isa = PBXFileReference; lastKnownFileType = sourcecode.swift; path = MoodTrackerView.swift; sourceTree = "<group>"; };
		159A961F2F95EDB0007CDCDB /* MovanceView.swift */ = {isa = PBXFileReference; lastKnownFileType = sourcecode.swift; path = MovanceView.swift; sourceTree = "<group>"; };
		159A96202F95EDB0007CDCDB /* MovementAnalysisView.swift */ = {isa = PBXFileReference; lastKnownFileType = sourcecode.swift; path = MovementAnalysisView.swift; sourceTree = "<group>"; };
		159A96212F95EDB0007CDCDB /* NutrientCardView.swift */ = {isa = PBXFileReference; lastKnownFileType = sourcecode.swift; path = NutrientCardView.swift; sourceTree = "<group>"; };
		159A96222F95EDB0007CDCDB /* NutrientCharts.swift */ = {isa = PBXFileReference; lastKnownFileType = sourcecode.swift; path = NutrientCharts.swift; sourceTree = "<group>"; };
		159A96232F95EDB0007CDCDB /* NutrientData.swift */ = {isa = PBXFileReference; lastKnownFileType = sourcecode.swift; path = NutrientData.swift; sourceTree = "<group>"; };
		159A96242F95EDB0007CDCDB /* NutrientDetailView.swift */ = {isa = PBXFileReference; lastKnownFileType = sourcecode.swift; path = NutrientDetailView.swift; sourceTree = "<group>"; };
		159A96252F95EDB0007CDCDB /* NutrientInfo.swift */ = {isa = PBXFileReference; lastKnownFileType = sourcecode.swift; path = NutrientInfo.swift; sourceTree = "<group>"; };
		159A96262F95EDB0007CDCDB /* NutrientModel.swift */ = {isa = PBXFileReference; lastKnownFileType = sourcecode.swift; path = NutrientModel.swift; sourceTree = "<group>"; };
		159A96272F95EDB0007CDCDB /* NutrientRow.swift */ = {isa = PBXFileReference; lastKnownFileType = sourcecode.swift; path = NutrientRow.swift; sourceTree = "<group>"; };
		159A96282F95EDB0007CDCDB /* NutritionDetection.swift */ = {isa = PBXFileReference; lastKnownFileType = sourcecode.swift; path = NutritionDetection.swift; sourceTree = "<group>"; };
		159A96292F95EDB0007CDCDB /* NutritionResultsView.swift */ = {isa = PBXFileReference; lastKnownFileType = sourcecode.swift; path = NutritionResultsView.swift; sourceTree = "<group>"; };
		159A962A2F95EDB0007CDCDB /* NutritionScannerView.swift */ = {isa = PBXFileReference; lastKnownFileType = sourcecode.swift; path = NutritionScannerView.swift; sourceTree = "<group>"; };
		159A962B2F95EDB0007CDCDB /* NutritionUnit.swift */ = {isa = PBXFileReference; lastKnownFileType = sourcecode.swift; path = NutritionUnit.swift; sourceTree = "<group>"; };
		159A962C2F95EDB0007CDCDB /* Nutrivance.entitlements */ = {isa = PBXFileReference; lastKnownFileType = text.plist.entitlements; path = Nutrivance.entitlements; sourceTree = "<group>"; };
		159A962D2F95EDB0007CDCDB /* NutrivanceApp.swift */ = {isa = PBXFileReference; lastKnownFileType = sourcecode.swift; path = NutrivanceApp.swift; sourceTree = "<group>"; };
		159A962E2F95EDB0007CDCDB /* NutrivanceCatalystMenuBuilder.swift */ = {isa = PBXFileReference; lastKnownFileType = sourcecode.swift; path = NutrivanceCatalystMenuBuilder.swift; sourceTree = "<group>"; };
		159A962F2F95EDB0007CDCDB /* NutrivanceIntents.swift */ = {isa = PBXFileReference; lastKnownFileType = sourcecode.swift; path = NutrivanceIntents.swift; sourceTree = "<group>"; };
		159A96302F95EDB0007CDCDB /* NutrivanceLabsView.swift */ = {isa = PBXFileReference; lastKnownFileType = sourcecode.swift; path = NutrivanceLabsView.swift; sourceTree = "<group>"; };
		159A96312F95EDB0007CDCDB /* NutrivanceSceneMenuRouter.swift */ = {isa = PBXFileReference; lastKnownFileType = sourcecode.swift; path = NutrivanceSceneMenuRouter.swift; sourceTree = "<group>"; };
		159A96322F95EDB0007CDCDB /* NutrivanceSceneRoot.swift */ = {isa = PBXFileReference; lastKnownFileType = sourcecode.swift; path = NutrivanceSceneRoot.swift; sourceTree = "<group>"; };
		159A96332F95EDB0007CDCDB /* NutrivanceTuningCore.swift */ = {isa = PBXFileReference; lastKnownFileType = sourcecode.swift; path = NutrivanceTuningCore.swift; sourceTree = "<group>"; };
		159A96342F95EDB0007CDCDB /* NutrivanceView.swift */ = {isa = PBXFileReference; lastKnownFileType = sourcecode.swift; path = NutrivanceView.swift; sourceTree = "<group>"; };
		159A96352F95EDB0007CDCDB /* PastQuestsView.swift */ = {isa = PBXFileReference; lastKnownFileType = sourcecode.swift; path = PastQuestsView.swift; sourceTree = "<group>"; };
		159A96362F95EDB0007CDCDB /* PathfinderView.swift */ = {isa = PBXFileReference; lastKnownFileType = sourcecode.swift; path = PathfinderView.swift; sourceTree = "<group>"; };
		159A96372F95EDB0007CDCDB /* PerformanceFoodsView.swift */ = {isa = PBXFileReference; lastKnownFileType = sourcecode.swift; path = PerformanceFoodsView.swift; sourceTree = "<group>"; };
		159A96382F95EDB0007CDCDB /* PerformanceProfileSettings.swift */ = {isa = PBXFileReference; lastKnownFileType = sourcecode.swift; path = PerformanceProfileSettings.swift; sourceTree = "<group>"; };
		159A96392F95EDB0007CDCDB /* PerformanceSettingsView.swift */ = {isa = PBXFileReference; lastKnownFileType = sourcecode.swift; path = PerformanceSettingsView.swift; sourceTree = "<group>"; };
		159A963A2F95EDB0007CDCDB /* PersonalizedMETCard.swift */ = {isa = PBXFileReference; lastKnownFileType = sourcecode.swift; path = PersonalizedMETCard.swift; sourceTree = "<group>"; };
		159A963B2F95EDB0007CDCDB /* PersonalizedMETDetailView.swift */ = {isa = PBXFileReference; lastKnownFileType = sourcecode.swift; path = PersonalizedMETDetailView.swift; sourceTree = "<group>"; };
		159A963C2F95EDB0007CDCDB /* PersonalizedMETProfile.swift */ = {isa = PBXFileReference; lastKnownFileType = sourcecode.swift; path = PersonalizedMETProfile.swift; sourceTree = "<group>"; };
		159A963D2F95EDB0007CDCDB /* PostWorkoutWindowView.swift */ = {isa = PBXFileReference; lastKnownFileType = sourcecode.swift; path = PostWorkoutWindowView.swift; sourceTree = "<group>"; };
		159A963E2F95EDB0007CDCDB /* PresetButton.swift */ = {isa = PBXFileReference; lastKnownFileType = sourcecode.swift; path = PresetButton.swift; sourceTree = "<group>"; };
		159A963F2F95EDB0007CDCDB /* Preview Assets.xcassets */ = {isa = PBXFileReference; lastKnownFileType = folder.assetcatalog; path = "Preview Assets.xcassets"; sourceTree = "<group>"; };
		159A96412F95EDB0007CDCDB /* PreWorkoutTimingView.swift */ = {isa = PBXFileReference; lastKnownFileType = sourcecode.swift; path = PreWorkoutTimingView.swift; sourceTree = "<group>"; };
		159A96422F95EDB0007CDCDB /* ProAthleteInfoBadge.swift */ = {isa = PBXFileReference; lastKnownFileType = sourcecode.swift; path = ProAthleteInfoBadge.swift; sourceTree = "<group>"; };
		159A96432F95EDB0007CDCDB /* ProgramBuilderForApple.md */ = {isa = PBXFileReference; lastKnownFileType = net.daringfireball.markdown; path = ProgramBuilderForApple.md; sourceTree = "<group>"; };
		159A96442F95EDB0007CDCDB /* ProgramBuilderView.swift */ = {isa = PBXFileReference; lastKnownFileType = sourcecode.swift; path = ProgramBuilderView.swift; sourceTree = "<group>"; };
		159A96452F95EDB0007CDCDB /* ReadinessCheckView.swift */ = {isa = PBXFileReference; lastKnownFileType = sourcecode.swift; path = ReadinessCheckView.swift; sourceTree = "<group>"; };
		159A96462F95EDB0007CDCDB /* RecoveryReadinessPipeline.swift */ = {isa = PBXFileReference; lastKnownFileType = sourcecode.swift; path = RecoveryReadinessPipeline.swift; sourceTree = "<group>"; };
		159A96472F95EDB0007CDCDB /* RecoveryScoreView.swift */ = {isa = PBXFileReference; lastKnownFileType = sourcecode.swift; path = RecoveryScoreView.swift; sourceTree = "<group>"; };
		159A96482F95EDB0007CDCDB /* ResourcesView.swift */ = {isa = PBXFileReference; lastKnownFileType = sourcecode.swift; path = ResourcesView.swift; sourceTree = "<group>"; };
		159A96492F95EDB0007CDCDB /* RingDetailView.swift */ = {isa = PBXFileReference; lastKnownFileType = sourcecode.swift; path = RingDetailView.swift; sourceTree = "<group>"; };
		159A964A2F95EDB0007CDCDB /* SavedMealsView.swift */ = {isa = PBXFileReference; lastKnownFileType = sourcecode.swift; path = SavedMealsView.swift; sourceTree = "<group>"; };
		159A964B2F95EDB0007CDCDB /* SceneDelegate.swift */ = {isa = PBXFileReference; lastKnownFileType = sourcecode.swift; path = SceneDelegate.swift; sourceTree = "<group>"; };
		159A964C2F95EDB0007CDCDB /* ScheduledWorkoutsManagerView.swift */ = {isa = PBXFileReference; lastKnownFileType = sourcecode.swift; path = ScheduledWorkoutsManagerView.swift; sourceTree = "<group>"; };
		159A964D2F95EDB0007CDCDB /* SearchView.swift */ = {isa = PBXFileReference; lastKnownFileType = sourcecode.swift; path = SearchView.swift; sourceTree = "<group>"; };
		159A964E2F95EDB0007CDCDB /* SearchView_iPhone.swift */ = {isa = PBXFileReference; lastKnownFileType = sourcecode.swift; path = SearchView_iPhone.swift; sourceTree = "<group>"; };
		159A964F2F95EDB0007CDCDB /* ShareWorkoutsView.swift */ = {isa = PBXFileReference; lastKnownFileType = sourcecode.swift; path = ShareWorkoutsView.swift; sourceTree = "<group>"; };
		159A96502F95EDB0007CDCDB /* SleepAnalysisView.swift */ = {isa = PBXFileReference; lastKnownFileType = sourcecode.swift; path = SleepAnalysisView.swift; sourceTree = "<group>"; };
		159A96512F95EDB0007CDCDB /* SleepView.swift */ = {isa = PBXFileReference; lastKnownFileType = sourcecode.swift; path = SleepView.swift; sourceTree = "<group>"; };
		159A96522F95EDB0007CDCDB /* SpirivanceView.swift */ = {isa = PBXFileReference; lastKnownFileType = sourcecode.swift; path = SpirivanceView.swift; sourceTree = "<group>"; };
		159A96532F95EDB0007CDCDB /* StepCountView.swift */ = {isa = PBXFileReference; lastKnownFileType = sourcecode.swift; path = StepCountView.swift; sourceTree = "<group>"; };
		159A96542F95EDB0007CDCDB /* StrainModelContext.swift */ = {isa = PBXFileReference; lastKnownFileType = sourcecode.swift; path = StrainModelContext.swift; sourceTree = "<group>"; };
		159A96552F95EDB0007CDCDB /* StrainRecoveryView.swift */ = {isa = PBXFileReference; lastKnownFileType = sourcecode.swift; path = StrainRecoveryView.swift; sourceTree = "<group>"; };
		159A96562F95EDB0007CDCDB /* StressView.swift */ = {isa = PBXFileReference; lastKnownFileType = sourcecode.swift; path = StressView.swift; sourceTree = "<group>"; };
		159A96572F95EDB0007CDCDB /* SubcategoryDetailView.swift */ = {isa = PBXFileReference; lastKnownFileType = sourcecode.swift; path = SubcategoryDetailView.swift; sourceTree = "<group>"; };
		159A96582F95EDB0007CDCDB /* SubjectiveDailyEntry.swift */ = {isa = PBXFileReference; lastKnownFileType = sourcecode.swift; path = SubjectiveDailyEntry.swift; sourceTree = "<group>"; };
		159A96592F95EDB0007CDCDB /* SubjectiveDailyEntryView.swift */ = {isa = PBXFileReference; lastKnownFileType = sourcecode.swift; path = SubjectiveDailyEntryView.swift; sourceTree = "<group>"; };
		159A965A2F95EDB0007CDCDB /* TappableChartPreview.swift */ = {isa = PBXFileReference; lastKnownFileType = sourcecode.swift; path = TappableChartPreview.swift; sourceTree = "<group>"; };
		159A965B2F95EDB0007CDCDB /* TodaysPlanView.swift */ = {isa = PBXFileReference; lastKnownFileType = sourcecode.swift; path = TodaysPlanView.swift; sourceTree = "<group>"; };
		159A965C2F95EDB0007CDCDB /* TrainingCalendarView.swift */ = {isa = PBXFileReference; lastKnownFileType = sourcecode.swift; path = TrainingCalendarView.swift; sourceTree = "<group>"; };
		159A965D2F95EDB0007CDCDB /* UnifiedLogView.swift */ = {isa = PBXFileReference; lastKnownFileType = sourcecode.swift; path = UnifiedLogView.swift; sourceTree = "<group>"; };
		159A965E2F95EDB0007CDCDB /* WidgetType.swift */ = {isa = PBXFileReference; lastKnownFileType = sourcecode.swift; path = WidgetType.swift; sourceTree = "<group>"; };
		159A965F2F95EDB0007CDCDB /* WorkoutBlockAnalyzer.swift */ = {isa = PBXFileReference; lastKnownFileType = sourcecode.swift; path = WorkoutBlockAnalyzer.swift; sourceTree = "<group>"; };
		159A96602F95EDB0007CDCDB /* WorkoutGeneratorView.swift */ = {isa = PBXFileReference; lastKnownFileType = sourcecode.swift; path = WorkoutGeneratorView.swift; sourceTree = "<group>"; };
		159A96612F95EDB0007CDCDB /* WorkoutHighlightDetector.swift */ = {isa = PBXFileReference; lastKnownFileType = sourcecode.swift; path = WorkoutHighlightDetector.swift; sourceTree = "<group>"; };
		159A96622F95EDB0007CDCDB /* WorkoutHistoryView.swift */ = {isa = PBXFileReference; lastKnownFileType = sourcecode.swift; path = WorkoutHistoryView.swift; sourceTree = "<group>"; };
		159A96632F95EDB0007CDCDB /* WorkoutInsight.swift */ = {isa = PBXFileReference; lastKnownFileType = sourcecode.swift; path = WorkoutInsight.swift; sourceTree = "<group>"; };
		159A96642F95EDB0007CDCDB /* WorkoutLiveActivity.swift */ = {isa = PBXFileReference; lastKnownFileType = sourcecode.swift; path = WorkoutLiveActivity.swift; sourceTree = "<group>"; };
		159A96652F95EDB0007CDCDB /* WorkoutLiveActivityAttributes.swift */ = {isa = PBXFileReference; lastKnownFileType = sourcecode.swift; path = WorkoutLiveActivityAttributes.swift; sourceTree = "<group>"; };
		159A96662F95EDB0007CDCDB /* WorkoutTrendProbeView.swift */ = {isa = PBXFileReference; lastKnownFileType = sourcecode.swift; path = WorkoutTrendProbeView.swift; sourceTree = "<group>"; };
		15A70DA32CF10814007FBC5D /* WaterWidgetExtension.entitlements */ = {isa = PBXFileReference; lastKnownFileType = text.plist.entitlements; path = WaterWidgetExtension.entitlements; sourceTree = "<group>"; };
		15AC8E8A2CDCF4FC0002101A /* WidgetKit.framework */ = {isa = PBXFileReference; lastKnownFileType = wrapper.framework; name = WidgetKit.framework; path = System/Library/Frameworks/WidgetKit.framework; sourceTree = SDKROOT; };
		15AC8E8C2CDCF4FC0002101A /* SwiftUI.framework */ = {isa = PBXFileReference; lastKnownFileType = wrapper.framework; name = SwiftUI.framework; path = System/Library/Frameworks/SwiftUI.framework; sourceTree = SDKROOT; };
		15C033C82D0DD504000EBCD2 /* applypatch-msg.sample */ = {isa = PBXFileReference; lastKnownFileType = text.script.sh; path = "applypatch-msg.sample"; sourceTree = "<group>"; };
		15C033C92D0DD504000EBCD2 /* commit-msg.sample */ = {isa = PBXFileReference; lastKnownFileType = text.script.sh; path = "commit-msg.sample"; sourceTree = "<group>"; };
		15C033CA2D0DD504000EBCD2 /* fsmonitor-watchman.sample */ = {isa = PBXFileReference; lastKnownFileType = text.script.perl; path = "fsmonitor-watchman.sample"; sourceTree = "<group>"; };
		15C033CB2D0DD504000EBCD2 /* post-update.sample */ = {isa = PBXFileReference; lastKnownFileType = text.script.sh; path = "post-update.sample"; sourceTree = "<group>"; };
		15C033CC2D0DD504000EBCD2 /* pre-applypatch.sample */ = {isa = PBXFileReference; lastKnownFileType = text.script.sh; path = "pre-applypatch.sample"; sourceTree = "<group>"; };
		15C033CD2D0DD504000EBCD2 /* pre-commit.sample */ = {isa = PBXFileReference; lastKnownFileType = text.script.sh; path = "pre-commit.sample"; sourceTree = "<group>"; };
		15C033CE2D0DD504000EBCD2 /* pre-merge-commit.sample */ = {isa = PBXFileReference; lastKnownFileType = text.script.sh; path = "pre-merge-commit.sample"; sourceTree = "<group>"; };
		15C033CF2D0DD504000EBCD2 /* pre-push.sample */ = {isa = PBXFileReference; lastKnownFileType = text.script.sh; path = "pre-push.sample"; sourceTree = "<group>"; };
		15C033D02D0DD504000EBCD2 /* pre-rebase.sample */ = {isa = PBXFileReference; lastKnownFileType = text.script.sh; path = "pre-rebase.sample"; sourceTree = "<group>"; };
		15C033D12D0DD504000EBCD2 /* pre-receive.sample */ = {isa = PBXFileReference; lastKnownFileType = text.script.sh; path = "pre-receive.sample"; sourceTree = "<group>"; };
		15C033D22D0DD504000EBCD2 /* prepare-commit-msg.sample */ = {isa = PBXFileReference; lastKnownFileType = text.script.sh; path = "prepare-commit-msg.sample"; sourceTree = "<group>"; };
		15C033D32D0DD504000EBCD2 /* push-to-checkout.sample */ = {isa = PBXFileReference; lastKnownFileType = text.script.sh; path = "push-to-checkout.sample"; sourceTree = "<group>"; };
		15C033D42D0DD504000EBCD2 /* update.sample */ = {isa = PBXFileReference; lastKnownFileType = text.script.sh; path = update.sample; sourceTree = "<group>"; };
		15C033D62D0DD504000EBCD2 /* exclude */ = {isa = PBXFileReference; lastKnownFileType = text; path = exclude; sourceTree = "<group>"; };
		15C033D82D0DD504000EBCD2 /* main */ = {isa = PBXFileReference; lastKnownFileType = text; path = main; sourceTree = "<group>"; };
		15C033DA2D0DD504000EBCD2 /* HEAD */ = {isa = PBXFileReference; lastKnownFileType = text; path = HEAD; sourceTree = "<group>"; };
		15C033DE2D0DD504000EBCD2 /* HEAD */ = {isa = PBXFileReference; lastKnownFileType = text; path = HEAD; sourceTree = "<group>"; };
		15C033E02D0DD504000EBCD2 /* 7d5dd9314e016d3bb88f0a582e742184d66275 */ = {isa = PBXFileReference; lastKnownFileType = text; path = 7d5dd9314e016d3bb88f0a582e742184d66275; sourceTree = "<group>"; };
		15C033E32D0DD504000EBCD2 /* pack-53866348666c32e02e926a26138dced996fd0dbe.idx */ = {isa = PBXFileReference; lastKnownFileType = file; path = "pack-53866348666c32e02e926a26138dced996fd0dbe.idx"; sourceTree = "<group>"; };
		15C033E42D0DD504000EBCD2 /* pack-53866348666c32e02e926a26138dced996fd0dbe.pack */ = {isa = PBXFileReference; lastKnownFileType = file; path = "pack-53866348666c32e02e926a26138dced996fd0dbe.pack"; sourceTree = "<group>"; };
		15C033E72D0DD504000EBCD2 /* main */ = {isa = PBXFileReference; lastKnownFileType = text; path = main; sourceTree = "<group>"; };
		15C033E92D0DD504000EBCD2 /* HEAD */ = {isa = PBXFileReference; lastKnownFileType = text; path = HEAD; sourceTree = "<group>"; };
		15C033EE2D0DD504000EBCD2 /* config */ = {isa = PBXFileReference; lastKnownFileType = text; path = config; sourceTree = "<group>"; };
		15C033EF2D0DD504000EBCD2 /* description */ = {isa = PBXFileReference; lastKnownFileType = text; path = description; sourceTree = "<group>"; };
		15C033F02D0DD504000EBCD2 /* HEAD */ = {isa = PBXFileReference; lastKnownFileType = text; path = HEAD; sourceTree = "<group>"; };
		15C033F12D0DD504000EBCD2 /* index */ = {isa = PBXFileReference; lastKnownFileType = file; path = index; sourceTree = "<group>"; };
		15C033F22D0DD504000EBCD2 /* packed-refs */ = {isa = PBXFileReference; lastKnownFileType = text; path = "packed-refs"; sourceTree = "<group>"; };
		15D7FF9D2CD142690048E050 /* Nutrivance.app */ = {isa = PBXFileReference; explicitFileType = wrapper.application; includeInIndex = 0; path = Nutrivance.app; sourceTree = BUILT_PRODUCTS_DIR; };
		15D7FFAF2CD1426A0048E050 /* NutrivanceTests.xctest */ = {isa = PBXFileReference; explicitFileType = wrapper.cfbundle; includeInIndex = 0; path = NutrivanceTests.xctest; sourceTree = BUILT_PRODUCTS_DIR; };
		15D7FFB92CD1426A0048E050 /* NutrivanceUITests.xctest */ = {isa = PBXFileReference; explicitFileType = wrapper.cfbundle; includeInIndex = 0; path = NutrivanceUITests.xctest; sourceTree = BUILT_PRODUCTS_DIR; };
		15D7FFBD2CD1426A0048E050 /* NutrivanceUITests.swift */ = {isa = PBXFileReference; lastKnownFileType = sourcecode.swift; path = NutrivanceUITests.swift; sourceTree = "<group>"; };
		15D7FFBF2CD1426A0048E050 /* NutrivanceUITestsLaunchTests.swift */ = {isa = PBXFileReference; lastKnownFileType = sourcecode.swift; path = NutrivanceUITestsLaunchTests.swift; sourceTree = "<group>"; };
		15F581EA2F7763BE00F27319 /* PrivacyInfo.xcprivacy */ = {isa = PBXFileReference; lastKnownFileType = text.xml; path = PrivacyInfo.xcprivacy; sourceTree = "<group>"; };
/* End PBXFileReference section */

/* Begin PBXFileSystemSynchronizedRootGroup section */
		15753F9C2F74D9C900007262 /* Nutrivance for Apple Watch Watch App */ = {isa = PBXFileSystemSynchronizedRootGroup; explicitFileTypes = {}; explicitFolders = (); path = "Nutrivance for Apple Watch Watch App"; sourceTree = "<group>"; };
		15AC8E8E2CDCF4FC0002101A /* WaterWidget */ = {isa = PBXFileSystemSynchronizedRootGroup; explicitFileTypes = {}; explicitFolders = (); path = WaterWidget; sourceTree = "<group>"; };
/* End PBXFileSystemSynchronizedRootGroup section */

/* Begin PBXFrameworksBuildPhase section */
		15753F982F74D9C900007262 /* Frameworks */ = {
			isa = PBXFrameworksBuildPhase;
			buildActionMask = 2147483647;
			files = (
			);
			runOnlyForDeploymentPostprocessing = 0;
		};
		15D7FF9A2CD142690048E050 /* Frameworks */ = {
			isa = PBXFrameworksBuildPhase;
			buildActionMask = 2147483647;
			files = (
				22A1B3C52FAAA00100A1B2C3 /* MLXLMCommon in Frameworks */,
				22A1B3C42FAAA00100A1B2C3 /* MLXLLM in Frameworks */,
				15D149D02F87F30A007BA63A /* MLXNN in Frameworks */,
				15D149CE2F87F30A007BA63A /* MLXLinalg in Frameworks */,
				15D149C82F87F30A007BA63A /* MLX in Frameworks */,
				15D149D42F87F30A007BA63A /* MLXRandom in Frameworks */,
				151F147A2D77BE1900B51F88 /* UIKit.framework in Frameworks */,
				15D149D22F87F30A007BA63A /* MLXOptimizers in Frameworks */,
				15D149CC2F87F30A007BA63A /* MLXFast in Frameworks */,
				15D149CA2F87F30A007BA63A /* MLXFFT in Frameworks */,
			);
			runOnlyForDeploymentPostprocessing = 0;
		};
		15D7FFAC2CD1426A0048E050 /* Frameworks */ = {
			isa = PBXFrameworksBuildPhase;
			buildActionMask = 2147483647;
			files = (
			);
			runOnlyForDeploymentPostprocessing = 0;
		};
		15D7FFB62CD1426A0048E050 /* Frameworks */ = {
			isa = PBXFrameworksBuildPhase;
			buildActionMask = 2147483647;
			files = (
			);
			runOnlyForDeploymentPostprocessing = 0;
		};
/* End PBXFrameworksBuildPhase section */

/* Begin PBXGroup section */
		159A96402F95EDB0007CDCDB /* Preview Content */ = {
			isa = PBXGroup;
			children = (
				159A963F2F95EDB0007CDCDB /* Preview Assets.xcassets */,
			);
			path = "Preview Content";
			sourceTree = "<group>";
		};
		15AC8E892CDCF4FC0002101A /* Frameworks */ = {
			isa = PBXGroup;
			children = (
				151F14792D77BE1900B51F88 /* UIKit.framework */,
				15AC8E8A2CDCF4FC0002101A /* WidgetKit.framework */,
				15AC8E8C2CDCF4FC0002101A /* SwiftUI.framework */,
			);
			name = Frameworks;
			sourceTree = "<group>";
		};
		15C033D52D0DD504000EBCD2 /* hooks */ = {
			isa = PBXGroup;
			children = (
				15C033C82D0DD504000EBCD2 /* applypatch-msg.sample */,
				15C033C92D0DD504000EBCD2 /* commit-msg.sample */,
				15C033CA2D0DD504000EBCD2 /* fsmonitor-watchman.sample */,
				15C033CB2D0DD504000EBCD2 /* post-update.sample */,
				15C033CC2D0DD504000EBCD2 /* pre-applypatch.sample */,
				15C033CD2D0DD504000EBCD2 /* pre-commit.sample */,
				15C033CE2D0DD504000EBCD2 /* pre-merge-commit.sample */,
				15C033CF2D0DD504000EBCD2 /* pre-push.sample */,
				15C033D02D0DD504000EBCD2 /* pre-rebase.sample */,
				15C033D12D0DD504000EBCD2 /* pre-receive.sample */,
				15C033D22D0DD504000EBCD2 /* prepare-commit-msg.sample */,
				15C033D32D0DD504000EBCD2 /* push-to-checkout.sample */,
				15C033D42D0DD504000EBCD2 /* update.sample */,
			);
			path = hooks;
			sourceTree = "<group>";
		};
		15C033D72D0DD504000EBCD2 /* info */ = {
			isa = PBXGroup;
			children = (
				15C033D62D0DD504000EBCD2 /* exclude */,
			);
			path = info;
			sourceTree = "<group>";
		};
		15C033D92D0DD504000EBCD2 /* heads */ = {
			isa = PBXGroup;
			children = (
				15C033D82D0DD504000EBCD2 /* main */,
			);
			path = heads;
			sourceTree = "<group>";
		};
		15C033DB2D0DD504000EBCD2 /* origin */ = {
			isa = PBXGroup;
			children = (
				15C033DA2D0DD504000EBCD2 /* HEAD */,
			);
			path = origin;
			sourceTree = "<group>";
		};
		15C033DC2D0DD504000EBCD2 /* remotes */ = {
			isa = PBXGroup;
			children = (
				15C033DB2D0DD504000EBCD2 /* origin */,
			);
			path = remotes;
			sourceTree = "<group>";
		};
		15C033DD2D0DD504000EBCD2 /* refs */ = {
			isa = PBXGroup;
			children = (
				15C033D92D0DD504000EBCD2 /* heads */,
				15C033DC2D0DD504000EBCD2 /* remotes */,
			);
			path = refs;
			sourceTree = "<group>";
		};
		15C033DF2D0DD504000EBCD2 /* logs */ = {
			isa = PBXGroup;
			children = (
				15C033DD2D0DD504000EBCD2 /* refs */,
				15C033DE2D0DD504000EBCD2 /* HEAD */,
			);
			path = logs;
			sourceTree = "<group>";
		};
		15C033E12D0DD504000EBCD2 /* 9d */ = {
			isa = PBXGroup;
			children = (
				15C033E02D0DD504000EBCD2 /* 7d5dd9314e016d3bb88f0a582e742184d66275 */,
			);
			path = 9d;
			sourceTree = "<group>";
		};
		15C033E22D0DD504000EBCD2 /* info */ = {
			isa = PBXGroup;
			children = (
			);
			path = info;
			sourceTree = "<group>";
		};
		15C033E52D0DD504000EBCD2 /* pack */ = {
			isa = PBXGroup;
			children = (
				15C033E32D0DD504000EBCD2 /* pack-53866348666c32e02e926a26138dced996fd0dbe.idx */,
				15C033E42D0DD504000EBCD2 /* pack-53866348666c32e02e926a26138dced996fd0dbe.pack */,
			);
			path = pack;
			sourceTree = "<group>";
		};
		15C033E62D0DD504000EBCD2 /* objects */ = {
			isa = PBXGroup;
			children = (
				15C033E12D0DD504000EBCD2 /* 9d */,
				15C033E22D0DD504000EBCD2 /* info */,
				15C033E52D0DD504000EBCD2 /* pack */,
			);
			path = objects;
			sourceTree = "<group>";
		};
		15C033E82D0DD504000EBCD2 /* heads */ = {
			isa = PBXGroup;
			children = (
				15C033E72D0DD504000EBCD2 /* main */,
			);
			path = heads;
			sourceTree = "<group>";
		};
		15C033EA2D0DD504000EBCD2 /* origin */ = {
			isa = PBXGroup;
			children = (
				15C033E92D0DD504000EBCD2 /* HEAD */,
			);
			path = origin;
			sourceTree = "<group>";
		};
		15C033EB2D0DD504000EBCD2 /* remotes */ = {
			isa = PBXGroup;
			children = (
				15C033EA2D0DD504000EBCD2 /* origin */,
			);
			path = remotes;
			sourceTree = "<group>";
		};
		15C033EC2D0DD504000EBCD2 /* tags */ = {
			isa = PBXGroup;
			children = (
			);
			path = tags;
			sourceTree = "<group>";
		};
		15C033ED2D0DD504000EBCD2 /* refs */ = {
			isa = PBXGroup;
			children = (
				15C033E82D0DD504000EBCD2 /* heads */,
				15C033EB2D0DD504000EBCD2 /* remotes */,
				15C033EC2D0DD504000EBCD2 /* tags */,
			);
			path = refs;
			sourceTree = "<group>";
		};
		15C033F32D0DD504000EBCD2 /* .git */ = {
			isa = PBXGroup;
			children = (
				15C033EE2D0DD504000EBCD2 /* config */,
				15C033EF2D0DD504000EBCD2 /* description */,
				15C033F02D0DD504000EBCD2 /* HEAD */,
				15C033D52D0DD504000EBCD2 /* hooks */,
				15C033F12D0DD504000EBCD2 /* index */,
				15C033D72D0DD504000EBCD2 /* info */,
				15C033DF2D0DD504000EBCD2 /* logs */,
				15C033E62D0DD504000EBCD2 /* objects */,
				15C033F22D0DD504000EBCD2 /* packed-refs */,
				15C033ED2D0DD504000EBCD2 /* refs */,
			);
			path = .git;
			sourceTree = "<group>";
		};
		15C033F52D0DD504000EBCD2 /* workflows */ = {
			isa = PBXGroup;
			children = (
			);
			path = workflows;
			sourceTree = "<group>";
		};
		15C033F62D0DD504000EBCD2 /* .github */ = {
			isa = PBXGroup;
			children = (
				15C033F52D0DD504000EBCD2 /* workflows */,
			);
			path = .github;
			sourceTree = "<group>";
		};
		15D7FF942CD142690048E050 = {
			isa = PBXGroup;
			children = (
				15F581EA2F7763BE00F27319 /* PrivacyInfo.xcprivacy */,
				15C033F32D0DD504000EBCD2 /* .git */,
				15C033F62D0DD504000EBCD2 /* .github */,
				15A70DA32CF10814007FBC5D /* WaterWidgetExtension.entitlements */,
				15741EA42CEFE2F400CDE4F9 /* README.md */,
				15D7FF9F2CD142690048E050 /* Nutrivance */,
				15D7FFBC2CD1426A0048E050 /* NutrivanceUITests */,
				15AC8E8E2CDCF4FC0002101A /* WaterWidget */,
				15753F9C2F74D9C900007262 /* Nutrivance for Apple Watch Watch App */,
				15AC8E892CDCF4FC0002101A /* Frameworks */,
				15D7FF9E2CD142690048E050 /* Products */,
			);
			sourceTree = "<group>";
		};
		15D7FF9E2CD142690048E050 /* Products */ = {
			isa = PBXGroup;
			children = (
				15D7FF9D2CD142690048E050 /* Nutrivance.app */,
				15D7FFAF2CD1426A0048E050 /* NutrivanceTests.xctest */,
				15D7FFB92CD1426A0048E050 /* NutrivanceUITests.xctest */,
				15753F9B2F74D9C900007262 /* Nutrivance for Apple Watch.app */,
			);
			name = Products;
			sourceTree = "<group>";
		};
		15D7FF9F2CD142690048E050 /* Nutrivance */ = {
			isa = PBXGroup;
			children = (
				159A95E22F95EDB0007CDCDB /* AchievementsView.swift */,
				159A95E32F95EDB0007CDCDB /* ActivityRingsView.swift */,
				159A95E42F95EDB0007CDCDB /* AddMealView.swift */,
				159A95E52F95EDB0007CDCDB /* Assets.xcassets */,
				159A95E62F95EDB0007CDCDB /* BarcodeScannerView.swift */,
				159A95E72F95EDB0007CDCDB /* BreathingView.swift */,
				159A95E82F95EDB0007CDCDB /* CaloriesBurnedView.swift */,
				159A95E92F95EDB0007CDCDB /* CameraOCRView.swift */,
				159A95EA2F95EDB0007CDCDB /* CatalystKeyboardNavigation.swift */,
				159A95EB2F95EDB0007CDCDB /* CatalystTrainingLoadSync.swift */,
				159A95EC2F95EDB0007CDCDB /* ChartInteractionSmoothing.swift */,
				159A95ED2F95EDB0007CDCDB /* CloudKitImportView.swift */,
				159A95EE2F95EDB0007CDCDB /* CloudKitManager.swift */,
				159A95EF2F95EDB0007CDCDB /* CoachComparisonView.swift */,
				159A95F02F95EDB0007CDCDB /* CoachView.swift */,
				159A95F12F95EDB0007CDCDB /* ComingSoonView.swift */,
				159A95F22F95EDB0007CDCDB /* ContentView.swift */,
				159A95F32F95EDB0007CDCDB /* ContentView_iPad.swift */,
				159A95F42F95EDB0007CDCDB /* ContentView_iPad_alt.swift */,
				159A95F52F95EDB0007CDCDB /* ContentView_iPad_compact.swift */,
				159A95F62F95EDB0007CDCDB /* ContentView_iPhone.swift */,
				159A95F72F95EDB0007CDCDB /* ContentView_iPhone_alt.swift */,
				159A95F82F95EDB0007CDCDB /* DashboardView.swift */,
				159A95F92F95EDB0007CDCDB /* DistanceView.swift */,
				159A95FA2F95EDB0007CDCDB /* DragAndDrop_Mac.swift */,
				159A95FB2F95EDB0007CDCDB /* ExerciseLibraryView.swift */,
				159A95FC2F95EDB0007CDCDB /* FeelGoodScoreDetailView.swift */,
				159A95FD2F95EDB0007CDCDB /* FriendActivityView.swift */,
				159A95FE2F95EDB0007CDCDB /* FuelCheckView.swift */,
				159A95FF2F95EDB0007CDCDB /* GoalsView.swift */,
				159A96002F95EDB0007CDCDB /* GradientBackgrounds.swift */,
				159A96012F95EDB0007CDCDB /* HealthAnalysisService.swift */,
				159A96022F95EDB0007CDCDB /* HealthCard.swift */,
				159A96032F95EDB0007CDCDB /* HealthInsightsView.swift */,
				159A96042F95EDB0007CDCDB /* HealthKitCloudSyncProducer.swift */,
				159A96052F95EDB0007CDCDB /* HealthKitImportView.swift */,
				159A96062F95EDB0007CDCDB /* HealthKitManager.swift */,
				159A96072F95EDB0007CDCDB /* HealthMetricCloudKitSchema.swift */,
				159A96082F95EDB0007CDCDB /* HealthStateEngine.swift */,
				159A96092F95EDB0007CDCDB /* HealthStateEngine+PersonalizedMET.swift */,
				159A960A2F95EDB0007CDCDB /* HealthStateEngine+ProAthlete.swift */,
				159A960B2F95EDB0007CDCDB /* HeartZonesView.swift */,
				159A960C2F95EDB0007CDCDB /* HistoryView.swift */,
				159A960D2F95EDB0007CDCDB /* HomeView.swift */,
				159A960E2F95EDB0007CDCDB /* HydrationStatusView.swift */,
				159A960F2F95EDB0007CDCDB /* ImagePicker.swift */,
				159A96102F95EDB0007CDCDB /* Info.plist */,
				159A96112F95EDB0007CDCDB /* iOSWorkoutSyncManager.swift */,
				159A96122F95EDB0007CDCDB /* Item.swift */,
				159A96132F95EDB0007CDCDB /* JournalView.swift */,
				159A96142F95EDB0007CDCDB /* LeaderboardsView.swift */,
				159A96152F95EDB0007CDCDB /* LiveChallengesView.swift */,
				159A96162F95EDB0007CDCDB /* LogView.swift */,
				159A96172F95EDB0007CDCDB /* MacCatalystDataCache.swift */,
				159A96182F95EDB0007CDCDB /* MacCatalystHealthDataPolicy.swift */,
				159A96192F95EDB0007CDCDB /* MacCatalystPickerCompat.swift */,
				159A961A2F95EDB0007CDCDB /* MacroBalanceView.swift */,
				159A961B2F95EDB0007CDCDB /* MeditationView.swift */,
				159A961C2F95EDB0007CDCDB /* MindfulnessRealmView.swift */,
				159A961D2F95EDB0007CDCDB /* MobilityTestView.swift */,
				159A961E2F95EDB0007CDCDB /* MoodTrackerView.swift */,
				159A961F2F95EDB0007CDCDB /* MovanceView.swift */,
				159A96202F95EDB0007CDCDB /* MovementAnalysisView.swift */,
				159A96212F95EDB0007CDCDB /* NutrientCardView.swift */,
				159A96222F95EDB0007CDCDB /* NutrientCharts.swift */,
				159A96232F95EDB0007CDCDB /* NutrientData.swift */,
				159A96242F95EDB0007CDCDB /* NutrientDetailView.swift */,
				159A96252F95EDB0007CDCDB /* NutrientInfo.swift */,
				159A96262F95EDB0007CDCDB /* NutrientModel.swift */,
				159A96272F95EDB0007CDCDB /* NutrientRow.swift */,
				159A96282F95EDB0007CDCDB /* NutritionDetection.swift */,
				159A96292F95EDB0007CDCDB /* NutritionResultsView.swift */,
				159A962A2F95EDB0007CDCDB /* NutritionScannerView.swift */,
				159A962B2F95EDB0007CDCDB /* NutritionUnit.swift */,
				159A962C2F95EDB0007CDCDB /* Nutrivance.entitlements */,
				159A962D2F95EDB0007CDCDB /* NutrivanceApp.swift */,
				159A962E2F95EDB0007CDCDB /* NutrivanceCatalystMenuBuilder.swift */,
				159A962F2F95EDB0007CDCDB /* NutrivanceIntents.swift */,
				159A96302F95EDB0007CDCDB /* NutrivanceLabsView.swift */,
				159A96312F95EDB0007CDCDB /* NutrivanceSceneMenuRouter.swift */,
				159A96322F95EDB0007CDCDB /* NutrivanceSceneRoot.swift */,
				159A96332F95EDB0007CDCDB /* NutrivanceTuningCore.swift */,
				159A96342F95EDB0007CDCDB /* NutrivanceView.swift */,
				159A96352F95EDB0007CDCDB /* PastQuestsView.swift */,
				159A96362F95EDB0007CDCDB /* PathfinderView.swift */,
				159A96372F95EDB0007CDCDB /* PerformanceFoodsView.swift */,
				159A96382F95EDB0007CDCDB /* PerformanceProfileSettings.swift */,
				159A96392F95EDB0007CDCDB /* PerformanceSettingsView.swift */,
				159A963A2F95EDB0007CDCDB /* PersonalizedMETCard.swift */,
				159A963B2F95EDB0007CDCDB /* PersonalizedMETDetailView.swift */,
				159A963C2F95EDB0007CDCDB /* PersonalizedMETProfile.swift */,
				159A963D2F95EDB0007CDCDB /* PostWorkoutWindowView.swift */,
				159A963E2F95EDB0007CDCDB /* PresetButton.swift */,
				159A96402F95EDB0007CDCDB /* Preview Content */,
				159A96412F95EDB0007CDCDB /* PreWorkoutTimingView.swift */,
				159A96422F95EDB0007CDCDB /* ProAthleteInfoBadge.swift */,
				159A96432F95EDB0007CDCDB /* ProgramBuilderForApple.md */,
				159A96442F95EDB0007CDCDB /* ProgramBuilderView.swift */,
				159A96452F95EDB0007CDCDB /* ReadinessCheckView.swift */,
				159A96462F95EDB0007CDCDB /* RecoveryReadinessPipeline.swift */,
				159A96472F95EDB0007CDCDB /* RecoveryScoreView.swift */,
				159A96482F95EDB0007CDCDB /* ResourcesView.swift */,
				159A96492F95EDB0007CDCDB /* RingDetailView.swift */,
				159A964A2F95EDB0007CDCDB /* SavedMealsView.swift */,
				159A964B2F95EDB0007CDCDB /* SceneDelegate.swift */,
				159A964C2F95EDB0007CDCDB /* ScheduledWorkoutsManagerView.swift */,
				159A964D2F95EDB0007CDCDB /* SearchView.swift */,
				159A964E2F95EDB0007CDCDB /* SearchView_iPhone.swift */,
				159A964F2F95EDB0007CDCDB /* ShareWorkoutsView.swift */,
				159A96502F95EDB0007CDCDB /* SleepAnalysisView.swift */,
				159A96512F95EDB0007CDCDB /* SleepView.swift */,
				159A96522F95EDB0007CDCDB /* SpirivanceView.swift */,
				159A96532F95EDB0007CDCDB /* StepCountView.swift */,
				159A96542F95EDB0007CDCDB /* StrainModelContext.swift */,
				159A96552F95EDB0007CDCDB /* StrainRecoveryView.swift */,
				159A96562F95EDB0007CDCDB /* StressView.swift */,
				159A96572F95EDB0007CDCDB /* SubcategoryDetailView.swift */,
				159A96582F95EDB0007CDCDB /* SubjectiveDailyEntry.swift */,
				159A96592F95EDB0007CDCDB /* SubjectiveDailyEntryView.swift */,
				159A965A2F95EDB0007CDCDB /* TappableChartPreview.swift */,
				159A965B2F95EDB0007CDCDB /* TodaysPlanView.swift */,
				159A965C2F95EDB0007CDCDB /* TrainingCalendarView.swift */,
				159A965D2F95EDB0007CDCDB /* UnifiedLogView.swift */,
				159A965E2F95EDB0007CDCDB /* WidgetType.swift */,
				159A965F2F95EDB0007CDCDB /* WorkoutBlockAnalyzer.swift */,
				159A96602F95EDB0007CDCDB /* WorkoutGeneratorView.swift */,
				159A96612F95EDB0007CDCDB /* WorkoutHighlightDetector.swift */,
				159A96622F95EDB0007CDCDB /* WorkoutHistoryView.swift */,
				159A96632F95EDB0007CDCDB /* WorkoutInsight.swift */,
				159A96642F95EDB0007CDCDB /* WorkoutLiveActivity.swift */,
				159A96652F95EDB0007CDCDB /* WorkoutLiveActivityAttributes.swift */,
				159A96662F95EDB0007CDCDB /* WorkoutTrendProbeView.swift */,
			);
			path = Nutrivance;
			sourceTree = "<group>";
		};
		15D7FFBC2CD1426A0048E050 /* NutrivanceUITests */ = {
			isa = PBXGroup;
			children = (
				15D7FFBD2CD1426A0048E050 /* NutrivanceUITests.swift */,
				15D7FFBF2CD1426A0048E050 /* NutrivanceUITestsLaunchTests.swift */,
			);
			path = NutrivanceUITests;
			sourceTree = "<group>";
		};
/* End PBXGroup section */

/* Begin PBXNativeTarget section */
		15753F9A2F74D9C900007262 /* Nutrivance for Apple Watch Watch App */ = {
			isa = PBXNativeTarget;
			buildConfigurationList = 15753FA92F74D9CA00007262 /* Build configuration list for PBXNativeTarget "Nutrivance for Apple Watch Watch App" */;
			buildPhases = (
				15753F972F74D9C900007262 /* Sources */,
				15753F982F74D9C900007262 /* Frameworks */,
				15753F992F74D9C900007262 /* Resources */,
			);
			buildRules = (
			);
			dependencies = (
			);
			fileSystemSynchronizedGroups = (
				15753F9C2F74D9C900007262 /* Nutrivance for Apple Watch Watch App */,
			);
			name = "Nutrivance for Apple Watch Watch App";
			packageProductDependencies = (
			);
			productName = "Nutrivance for Apple Watch Watch App";
			productReference = 15753F9B2F74D9C900007262 /* Nutrivance for Apple Watch.app */;
			productType = "com.apple.product-type.application";
		};
		15D7FF9C2CD142690048E050 /* Nutrivance */ = {
			isa = PBXNativeTarget;
			buildConfigurationList = 15D7FFC32CD1426A0048E050 /* Build configuration list for PBXNativeTarget "Nutrivance" */;
			buildPhases = (
				15D7FF992CD142690048E050 /* Sources */,
				15D7FF9A2CD142690048E050 /* Frameworks */,
				15D7FF9B2CD142690048E050 /* Resources */,
				15AC8E9F2CDCF4FE0002101A /* Embed Foundation Extensions */,
				15753FA62F74D9CA00007262 /* Embed Watch Content */,
			);
			buildRules = (
			);
			dependencies = (
				15753FA42F74D9CA00007262 /* PBXTargetDependency */,
			);
			name = Nutrivance;
			packageProductDependencies = (
				15D149C72F87F30A007BA63A /* MLX */,
				15D149C92F87F30A007BA63A /* MLXFFT */,
				15D149CB2F87F30A007BA63A /* MLXFast */,
				15D149CD2F87F30A007BA63A /* MLXLinalg */,
				15D149CF2F87F30A007BA63A /* MLXNN */,
				15D149D12F87F30A007BA63A /* MLXOptimizers */,
				15D149D32F87F30A007BA63A /* MLXRandom */,
				22A1B3C22FAAA00100A1B2C3 /* MLXLLM */,
				22A1B3C32FAAA00100A1B2C3 /* MLXLMCommon */,
			);
			productName = Nutrivance;
			productReference = 15D7FF9D2CD142690048E050 /* Nutrivance.app */;
			productType = "com.apple.product-type.application";
		};
		15D7FFAE2CD1426A0048E050 /* NutrivanceTests */ = {
			isa = PBXNativeTarget;
			buildConfigurationList = 15D7FFC62CD1426A0048E050 /* Build configuration list for PBXNativeTarget "NutrivanceTests" */;
			buildPhases = (
				15D7FFAB2CD1426A0048E050 /* Sources */,
				15D7FFAC2CD1426A0048E050 /* Frameworks */,
				15D7FFAD2CD1426A0048E050 /* Resources */,
			);
			buildRules = (
			);
			dependencies = (
				15D7FFB12CD1426A0048E050 /* PBXTargetDependency */,
			);
			name = NutrivanceTests;
			productName = NutrivanceTests;
			productReference = 15D7FFAF2CD1426A0048E050 /* NutrivanceTests.xctest */;
			productType = "com.apple.product-type.bundle.unit-test";
		};
		15D7FFB82CD1426A0048E050 /* NutrivanceUITests */ = {
			isa = PBXNativeTarget;
			buildConfigurationList = 15D7FFC92CD1426A0048E050 /* Build configuration list for PBXNativeTarget "NutrivanceUITests" */;
			buildPhases = (
				15D7FFB52CD1426A0048E050 /* Sources */,
				15D7FFB62CD1426A0048E050 /* Frameworks */,
				15D7FFB72CD1426A0048E050 /* Resources */,
			);
			buildRules = (
			);
			dependencies = (
				15D7FFBB2CD1426A0048E050 /* PBXTargetDependency */,
			);
			name = NutrivanceUITests;
			productName = NutrivanceUITests;
			productReference = 15D7FFB92CD1426A0048E050 /* NutrivanceUITests.xctest */;
			productType = "com.apple.product-type.bundle.ui-testing";
		};
/* End PBXNativeTarget section */

/* Begin PBXProject section */
		15D7FF952CD142690048E050 /* Project object */ = {
			isa = PBXProject;
			attributes = {
				BuildIndependentTargetsInParallel = 1;
				LastSwiftUpdateCheck = 2640;
				LastUpgradeCheck = 2630;
				TargetAttributes = {
					15753F9A2F74D9C900007262 = {
						CreatedOnToolsVersion = 26.4;
					};
					15D7FF9C2CD142690048E050 = {
						CreatedOnToolsVersion = 16.0;
						LastSwiftMigration = 1610;
					};
					15D7FFAE2CD1426A0048E050 = {
						CreatedOnToolsVersion = 16.0;
						TestTargetID = 15D7FF9C2CD142690048E050;
					};
					15D7FFB82CD1426A0048E050 = {
						CreatedOnToolsVersion = 16.0;
						TestTargetID = 15D7FF9C2CD142690048E050;
					};
				};
			};
			buildConfigurationList = 15D7FF982CD142690048E050 /* Build configuration list for PBXProject "Nutrivance" */;
			compatibilityVersion = "Xcode 15.0";
			developmentRegion = en;
			hasScannedForEncodings = 0;
			knownRegions = (
				en,
				Base,
			);
			mainGroup = 15D7FF942CD142690048E050;
			packageReferences = (
				15D149C62F87F30A007BA63A /* XCRemoteSwiftPackageReference "mlx-swift" */,
				22A1B3C12FAAA00100A1B2C3 /* XCRemoteSwiftPackageReference "mlx-swift-lm" */,
			);
			productRefGroup = 15D7FF9E2CD142690048E050 /* Products */;
			projectDirPath = "";
			projectRoot = "";
			targets = (
				15D7FF9C2CD142690048E050 /* Nutrivance */,
				15D7FFAE2CD1426A0048E050 /* NutrivanceTests */,
				15D7FFB82CD1426A0048E050 /* NutrivanceUITests */,
				15753F9A2F74D9C900007262 /* Nutrivance for Apple Watch Watch App */,
			);
		};
/* End PBXProject section */

/* Begin PBXResourcesBuildPhase section */
		15753F992F74D9C900007262 /* Resources */ = {
			isa = PBXResourcesBuildPhase;
			buildActionMask = 2147483647;
			files = (
			);
			runOnlyForDeploymentPostprocessing = 0;
		};
		15D7FF9B2CD142690048E050 /* Resources */ = {
			isa = PBXResourcesBuildPhase;
			buildActionMask = 2147483647;
			files = (
				15741EA52CEFE2FB00CDE4F9 /* README.md in Resources */,
				15F581EB2F7763BE00F27319 /* PrivacyInfo.xcprivacy in Resources */,
			);
			runOnlyForDeploymentPostprocessing = 0;
		};
		15D7FFAD2CD1426A0048E050 /* Resources */ = {
			isa = PBXResourcesBuildPhase;
			buildActionMask = 2147483647;
			files = (
			);
			runOnlyForDeploymentPostprocessing = 0;
		};
		15D7FFB72CD1426A0048E050 /* Resources */ = {
			isa = PBXResourcesBuildPhase;
			buildActionMask = 2147483647;
			files = (
			);
			runOnlyForDeploymentPostprocessing = 0;
		};
/* End PBXResourcesBuildPhase section */

/* Begin PBXSourcesBuildPhase section */
		15753F972F74D9C900007262 /* Sources */ = {
			isa = PBXSourcesBuildPhase;
			buildActionMask = 2147483647;
			files = (
			);
			runOnlyForDeploymentPostprocessing = 0;
		};
		15D7FF992CD142690048E050 /* Sources */ = {
			isa = PBXSourcesBuildPhase;
			buildActionMask = 2147483647;
			files = (
			);
			runOnlyForDeploymentPostprocessing = 0;
		};
		15D7FFAB2CD1426A0048E050 /* Sources */ = {
			isa = PBXSourcesBuildPhase;
			buildActionMask = 2147483647;
			files = (
			);
			runOnlyForDeploymentPostprocessing = 0;
		};
		15D7FFB52CD1426A0048E050 /* Sources */ = {
			isa = PBXSourcesBuildPhase;
			buildActionMask = 2147483647;
			files = (
				15D7FFBE2CD1426A0048E050 /* NutrivanceUITests.swift in Sources */,
				15D7FFC02CD1426A0048E050 /* NutrivanceUITestsLaunchTests.swift in Sources */,
			);
			runOnlyForDeploymentPostprocessing = 0;
		};
/* End PBXSourcesBuildPhase section */

/* Begin PBXTargetDependency section */
		15753FA42F74D9CA00007262 /* PBXTargetDependency */ = {
			isa = PBXTargetDependency;
			platformFilter = ios;
			target = 15753F9A2F74D9C900007262 /* Nutrivance for Apple Watch Watch App */;
			targetProxy = 15753FA32F74D9CA00007262 /* PBXContainerItemProxy */;
		};
		15D7FFB12CD1426A0048E050 /* PBXTargetDependency */ = {
			isa = PBXTargetDependency;
			target = 15D7FF9C2CD142690048E050 /* Nutrivance */;
			targetProxy = 15D7FFB02CD1426A0048E050 /* PBXContainerItemProxy */;
		};
		15D7FFBB2CD1426A0048E050 /* PBXTargetDependency */ = {
			isa = PBXTargetDependency;
			target = 15D7FF9C2CD142690048E050 /* Nutrivance */;
			targetProxy = 15D7FFBA2CD1426A0048E050 /* PBXContainerItemProxy */;
		};
/* End PBXTargetDependency section */

/* Begin XCBuildConfiguration section */
		15753FA72F74D9CA00007262 /* Debug */ = {
			isa = XCBuildConfiguration;
			buildSettings = {
				ASSETCATALOG_COMPILER_APPICON_NAME = AppIcon;
				ASSETCATALOG_COMPILER_GLOBAL_ACCENT_COLOR_NAME = AccentColor;
				CODE_SIGN_ENTITLEMENTS = "Nutrivance for Apple Watch Watch App/Nutrivance_for_Apple_Watch_Watch_App.entitlements";
				CODE_SIGN_STYLE = Automatic;
				CURRENT_PROJECT_VERSION = 1;
				DEVELOPMENT_TEAM = 586BPLW3X9;
				ENABLE_PREVIEWS = YES;
				GENERATE_INFOPLIST_FILE = YES;
				INFOPLIST_KEY_CFBundleDisplayName = "Nutrivance for Apple Watch";
				INFOPLIST_KEY_NSHealthClinicalHealthRecordsShareUsageDescription = "<key>NSHealthRecordsUsageDescription</key>\n<string>Your app needs access to Health data to track dietary information.</string>";
				INFOPLIST_KEY_NSHealthShareUsageDescription = "This app requires access to Health data to provide useful data in fitness, mental health, and nutrition";
				INFOPLIST_KEY_NSHealthUpdateUsageDescription = "This app writes data to HealthKit to supplment the logging of health data and allows syncing between this app and Apple Health or other HealthKit enabled apps";
				INFOPLIST_KEY_NSLocationAlwaysAndWhenInUseUsageDescription = "Nutrivance uses your location to track outdoor workouts in the background.";
				INFOPLIST_KEY_NSLocationWhenInUseUsageDescription = "Nutrivance uses your location during outdoor workouts to show your live position, direction, and nearby map context on Apple Watch.";
				INFOPLIST_KEY_NSMotionUsageDescription = "Nutrivance uses motion data to track your workouts and provide accurate activity metrics.";
				INFOPLIST_KEY_UISupportedInterfaceOrientations = "UIInterfaceOrientationPortrait UIInterfaceOrientationPortraitUpsideDown";
				INFOPLIST_KEY_UISupportedInterfaceOrientations_iPad = "";
				INFOPLIST_KEY_UISupportedInterfaceOrientations_iPhone = "";
				INFOPLIST_KEY_WKCompanionAppBundleIdentifier = None.Nutrivance;
				INFOPLIST_KEY_WKRunsIndependentlyOfCompanionApp = NO;
				LD_RUNPATH_SEARCH_PATHS = (
					"$(inherited)",
					"@executable_path/Frameworks",
				);
				MARKETING_VERSION = 1.0;
				PRODUCT_BUNDLE_IDENTIFIER = None.Nutrivance.watchkitapp;
				PRODUCT_NAME = "Nutrivance for Apple Watch";
				SDKROOT = watchos;
				SKIP_INSTALL = YES;
				STRING_CATALOG_GENERATE_SYMBOLS = YES;
				SWIFT_APPROACHABLE_CONCURRENCY = YES;
				SWIFT_DEFAULT_ACTOR_ISOLATION = MainActor;
				SWIFT_EMIT_LOC_STRINGS = YES;
				SWIFT_UPCOMING_FEATURE_MEMBER_IMPORT_VISIBILITY = YES;
				SWIFT_VERSION = 5.0;
				TARGETED_DEVICE_FAMILY = 4;
				WATCHOS_DEPLOYMENT_TARGET = 26.0;
			};
			name = Debug;
		};
		15753FA82F74D9CA00007262 /* Release */ = {
			isa = XCBuildConfiguration;
			buildSettings = {
				ASSETCATALOG_COMPILER_APPICON_NAME = AppIcon;
				ASSETCATALOG_COMPILER_GLOBAL_ACCENT_COLOR_NAME = AccentColor;
				CODE_SIGN_ENTITLEMENTS = "Nutrivance for Apple Watch Watch App/Nutrivance_for_Apple_Watch_Watch_App.entitlements";
				CODE_SIGN_STYLE = Automatic;
				CURRENT_PROJECT_VERSION = 1;
				DEVELOPMENT_TEAM = 586BPLW3X9;
				ENABLE_PREVIEWS = YES;
				GENERATE_INFOPLIST_FILE = YES;
				INFOPLIST_KEY_CFBundleDisplayName = "Nutrivance for Apple Watch";
				INFOPLIST_KEY_NSHealthClinicalHealthRecordsShareUsageDescription = "<key>NSHealthRecordsUsageDescription</key>\n<string>Your app needs access to Health data to track dietary information.</string>";
				INFOPLIST_KEY_NSHealthShareUsageDescription = "This app requires access to Health data to provide useful data in fitness, mental health, and nutrition";
				INFOPLIST_KEY_NSHealthUpdateUsageDescription = "This app writes data to HealthKit to supplment the logging of health data and allows syncing between this app and Apple Health or other HealthKit enabled apps";
				INFOPLIST_KEY_NSLocationAlwaysAndWhenInUseUsageDescription = "Nutrivance uses your location to track outdoor workouts in the background.";
				INFOPLIST_KEY_NSLocationWhenInUseUsageDescription = "Nutrivance uses your location during outdoor workouts to show your live position, direction, and nearby map context on Apple Watch.";
				INFOPLIST_KEY_NSMotionUsageDescription = "Nutrivance uses motion data to track your workouts and provide accurate activity metrics.";
				INFOPLIST_KEY_UISupportedInterfaceOrientations = "UIInterfaceOrientationPortrait UIInterfaceOrientationPortraitUpsideDown";
				INFOPLIST_KEY_UISupportedInterfaceOrientations_iPad = "";
				INFOPLIST_KEY_UISupportedInterfaceOrientations_iPhone = "";
				INFOPLIST_KEY_WKCompanionAppBundleIdentifier = None.Nutrivance;
				INFOPLIST_KEY_WKRunsIndependentlyOfCompanionApp = NO;
				LD_RUNPATH_SEARCH_PATHS = (
					"$(inherited)",
					"@executable_path/Frameworks",
				);
				MARKETING_VERSION = 1.0;
				PRODUCT_BUNDLE_IDENTIFIER = None.Nutrivance.watchkitapp;
				PRODUCT_NAME = "Nutrivance for Apple Watch";
				SDKROOT = watchos;
				SKIP_INSTALL = YES;
				STRING_CATALOG_GENERATE_SYMBOLS = YES;
				SWIFT_APPROACHABLE_CONCURRENCY = YES;
				SWIFT_DEFAULT_ACTOR_ISOLATION = MainActor;
				SWIFT_EMIT_LOC_STRINGS = YES;
				SWIFT_UPCOMING_FEATURE_MEMBER_IMPORT_VISIBILITY = YES;
				SWIFT_VERSION = 5.0;
				TARGETED_DEVICE_FAMILY = 4;
				WATCHOS_DEPLOYMENT_TARGET = 26.0;
			};
			name = Release;
		};
		15D7FFC12CD1426A0048E050 /* Debug */ = {
			isa = XCBuildConfiguration;
			buildSettings = {
				ALWAYS_SEARCH_USER_PATHS = NO;
				ASSETCATALOG_COMPILER_GENERATE_SWIFT_ASSET_SYMBOL_EXTENSIONS = YES;
				CLANG_ANALYZER_NONNULL = YES;
				CLANG_ANALYZER_NUMBER_OBJECT_CONVERSION = YES_AGGRESSIVE;
				CLANG_CXX_LANGUAGE_STANDARD = "gnu++20";
				CLANG_ENABLE_MODULES = YES;
				CLANG_ENABLE_OBJC_ARC = YES;
				CLANG_ENABLE_OBJC_WEAK = YES;
				CLANG_WARN_BLOCK_CAPTURE_AUTORELEASING = YES;
				CLANG_WARN_BOOL_CONVERSION = YES;
				CLANG_WARN_COMMA = YES;
				CLANG_WARN_CONSTANT_CONVERSION = YES;
				CLANG_WARN_DEPRECATED_OBJC_IMPLEMENTATIONS = YES;
				CLANG_WARN_DIRECT_OBJC_ISA_USAGE = YES_ERROR;
				CLANG_WARN_DOCUMENTATION_COMMENTS = YES;
				CLANG_WARN_EMPTY_BODY = YES;
				CLANG_WARN_ENUM_CONVERSION = YES;
				CLANG_WARN_INFINITE_RECURSION = YES;
				CLANG_WARN_INT_CONVERSION = YES;
				CLANG_WARN_NON_LITERAL_NULL_CONVERSION = YES;
				CLANG_WARN_OBJC_IMPLICIT_RETAIN_SELF = YES;
				CLANG_WARN_OBJC_LITERAL_CONVERSION = YES;
				CLANG_WARN_OBJC_ROOT_CLASS = YES_ERROR;
				CLANG_WARN_QUOTED_INCLUDE_IN_FRAMEWORK_HEADER = YES;
				CLANG_WARN_RANGE_LOOP_ANALYSIS = YES;
				CLANG_WARN_STRICT_PROTOTYPES = YES;
				CLANG_WARN_SUSPICIOUS_MOVE = YES;
				CLANG_WARN_UNGUARDED_AVAILABILITY = YES_AGGRESSIVE;
				CLANG_WARN_UNREACHABLE_CODE = YES;
				CLANG_WARN__DUPLICATE_METHOD_MATCH = YES;
				COPY_PHASE_STRIP = NO;
				DEBUG_INFORMATION_FORMAT = dwarf;
				ENABLE_STRICT_OBJC_MSGSEND = YES;
				ENABLE_TESTABILITY = YES;
				ENABLE_USER_SCRIPT_SANDBOXING = YES;
				GCC_C_LANGUAGE_STANDARD = gnu17;
				GCC_DYNAMIC_NO_PIC = NO;
				GCC_NO_COMMON_BLOCKS = YES;
				GCC_OPTIMIZATION_LEVEL = 0;
				GCC_PREPROCESSOR_DEFINITIONS = (
					"DEBUG=1",
					"$(inherited)",
				);
				GCC_WARN_64_TO_32_BIT_CONVERSION = YES;
				GCC_WARN_ABOUT_RETURN_TYPE = YES_ERROR;
				GCC_WARN_UNDECLARED_SELECTOR = YES;
				GCC_WARN_UNINITIALIZED_AUTOS = YES_AGGRESSIVE;
				GCC_WARN_UNUSED_FUNCTION = YES;
				GCC_WARN_UNUSED_VARIABLE = YES;
				INFOPLIST_KEY_NSHealthClinicalHealthRecordsShareUsageDescription = "<key>NSHealthRecordsUsageDescription</key>\n<string>Your app needs access to Health data to track dietary information.</string>";
				INFOPLIST_KEY_NSHealthShareUsageDescription = "<key>NSHealthShareUsageDescription</key>\n<string>Your app needs access to Health data to provide personalized recommendations.</string>";
				INFOPLIST_KEY_NSHealthUpdateUsageDescription = "<key>NSHealthUpdateUsageDescription</key>\n<string>Your app needs access to Health data to track dietary information.</string>";
				INFOPLIST_KEY_UISupportedInterfaceOrientations = "";
				INFOPLIST_KEY_UISupportedInterfaceOrientations_iPad = "";
				INFOPLIST_KEY_UISupportedInterfaceOrientations_iPhone = "";
				IPHONEOS_DEPLOYMENT_TARGET = 18.0;
				LOCALIZATION_PREFERS_STRING_CATALOGS = YES;
				MTL_ENABLE_DEBUG_INFO = INCLUDE_SOURCE;
				MTL_FAST_MATH = YES;
				ONLY_ACTIVE_ARCH = YES;
				SDKROOT = iphoneos;
				STRING_CATALOG_GENERATE_SYMBOLS = YES;
				SWIFT_ACTIVE_COMPILATION_CONDITIONS = "DEBUG $(inherited)";
				SWIFT_OBJC_BRIDGING_HEADER = "";
				SWIFT_OPTIMIZATION_LEVEL = "-Onone";
				SWIFT_PRECOMPILE_BRIDGING_HEADER = NO;
			};
			name = Debug;
		};
		15D7FFC22CD1426A0048E050 /* Release */ = {
			isa = XCBuildConfiguration;
			buildSettings = {
				ALWAYS_SEARCH_USER_PATHS = NO;
				ASSETCATALOG_COMPILER_GENERATE_SWIFT_ASSET_SYMBOL_EXTENSIONS = YES;
				CLANG_ANALYZER_NONNULL = YES;
				CLANG_ANALYZER_NUMBER_OBJECT_CONVERSION = YES_AGGRESSIVE;
				CLANG_CXX_LANGUAGE_STANDARD = "gnu++20";
				CLANG_ENABLE_MODULES = YES;
				CLANG_ENABLE_OBJC_ARC = YES;
				CLANG_ENABLE_OBJC_WEAK = YES;
				CLANG_WARN_BLOCK_CAPTURE_AUTORELEASING = YES;
				CLANG_WARN_BOOL_CONVERSION = YES;
				CLANG_WARN_COMMA = YES;
				CLANG_WARN_CONSTANT_CONVERSION = YES;
				CLANG_WARN_DEPRECATED_OBJC_IMPLEMENTATIONS = YES;
				CLANG_WARN_DIRECT_OBJC_ISA_USAGE = YES_ERROR;
				CLANG_WARN_DOCUMENTATION_COMMENTS = YES;
				CLANG_WARN_EMPTY_BODY = YES;
				CLANG_WARN_ENUM_CONVERSION = YES;
				CLANG_WARN_INFINITE_RECURSION = YES;
				CLANG_WARN_INT_CONVERSION = YES;
				CLANG_WARN_NON_LITERAL_NULL_CONVERSION = YES;
				CLANG_WARN_OBJC_IMPLICIT_RETAIN_SELF = YES;
				CLANG_WARN_OBJC_LITERAL_CONVERSION = YES;
				CLANG_WARN_OBJC_ROOT_CLASS = YES_ERROR;
				CLANG_WARN_QUOTED_INCLUDE_IN_FRAMEWORK_HEADER = YES;
				CLANG_WARN_RANGE_LOOP_ANALYSIS = YES;
				CLANG_WARN_STRICT_PROTOTYPES = YES;
				CLANG_WARN_SUSPICIOUS_MOVE = YES;
				CLANG_WARN_UNGUARDED_AVAILABILITY = YES_AGGRESSIVE;
				CLANG_WARN_UNREACHABLE_CODE = YES;
				CLANG_WARN__DUPLICATE_METHOD_MATCH = YES;
				COPY_PHASE_STRIP = NO;
				DEBUG_INFORMATION_FORMAT = "dwarf-with-dsym";
				ENABLE_NS_ASSERTIONS = NO;
				ENABLE_STRICT_OBJC_MSGSEND = YES;
				ENABLE_USER_SCRIPT_SANDBOXING = YES;
				GCC_C_LANGUAGE_STANDARD = gnu17;
				GCC_NO_COMMON_BLOCKS = YES;
				GCC_WARN_64_TO_32_BIT_CONVERSION = YES;
				GCC_WARN_ABOUT_RETURN_TYPE = YES_ERROR;
				GCC_WARN_UNDECLARED_SELECTOR = YES;
				GCC_WARN_UNINITIALIZED_AUTOS = YES_AGGRESSIVE;
				GCC_WARN_UNUSED_FUNCTION = YES;
				GCC_WARN_UNUSED_VARIABLE = YES;
				INFOPLIST_KEY_NSHealthClinicalHealthRecordsShareUsageDescription = "<key>NSHealthRecordsUsageDescription</key>\n<string>Your app needs access to Health data to track dietary information.</string>";
				INFOPLIST_KEY_NSHealthShareUsageDescription = "<key>NSHealthShareUsageDescription</key>\n<string>Your app needs access to Health data to provide personalized recommendations.</string>";
				INFOPLIST_KEY_NSHealthUpdateUsageDescription = "<key>NSHealthUpdateUsageDescription</key>\n<string>Your app needs access to Health data to track dietary information.</string>";
				INFOPLIST_KEY_UISupportedInterfaceOrientations = "";
				INFOPLIST_KEY_UISupportedInterfaceOrientations_iPad = "";
				INFOPLIST_KEY_UISupportedInterfaceOrientations_iPhone = "";
				IPHONEOS_DEPLOYMENT_TARGET = 18.0;
				LOCALIZATION_PREFERS_STRING_CATALOGS = YES;
				MTL_ENABLE_DEBUG_INFO = NO;
				MTL_FAST_MATH = YES;
				SDKROOT = iphoneos;
				STRING_CATALOG_GENERATE_SYMBOLS = YES;
				SWIFT_COMPILATION_MODE = wholemodule;
				SWIFT_OBJC_BRIDGING_HEADER = "";
				SWIFT_PRECOMPILE_BRIDGING_HEADER = NO;
				VALIDATE_PRODUCT = YES;
			};
			name = Release;
		};
		15D7FFC42CD1426A0048E050 /* Debug */ = {
			isa = XCBuildConfiguration;
			buildSettings = {
				ASSETCATALOG_COMPILER_APPICON_NAME = AppIcon;
				ASSETCATALOG_COMPILER_GLOBAL_ACCENT_COLOR_NAME = AccentColor;
				ASSETCATALOG_COMPILER_INCLUDE_ALL_APPICON_ASSETS = YES;
				CLANG_ENABLE_MODULES = YES;
				CODE_SIGN_ENTITLEMENTS = Nutrivance/Nutrivance.entitlements;
				CODE_SIGN_STYLE = Automatic;
				CURRENT_PROJECT_VERSION = 1;
				DEVELOPMENT_ASSET_PATHS = "\"Nutrivance/Preview Content\"";
				DEVELOPMENT_TEAM = 586BPLW3X9;
				ENABLE_APP_SANDBOX = YES;
				ENABLE_HARDENED_RUNTIME = YES;
				ENABLE_OUTGOING_NETWORK_CONNECTIONS = YES;
				ENABLE_PREVIEWS = YES;
				ENABLE_RESOURCE_ACCESS_CAMERA = YES;
				ENABLE_RESOURCE_ACCESS_LOCATION = YES;
				ENABLE_RESOURCE_ACCESS_PHOTO_LIBRARY = YES;
				GENERATE_INFOPLIST_FILE = YES;
				INFOPLIST_FILE = Nutrivance/Info.plist;
				INFOPLIST_KEY_LSApplicationCategoryType = "public.app-category.healthcare-fitness";
				INFOPLIST_KEY_LSSupportsOpeningDocumentsInPlace = YES;
				INFOPLIST_KEY_NSCameraUsageDescription = "We need camera access to scan nutrition labels";
				INFOPLIST_KEY_NSFaceIDUsageDescription = "Face ID enables security authentication to prevent others using your device from access certain health metrics";
				INFOPLIST_KEY_NSHealthClinicalHealthRecordsShareUsageDescription = "";
				INFOPLIST_KEY_NSHealthShareUsageDescription = "This app requires access to Health data to provide useful data in fitness, mental health, and nutrition";
				INFOPLIST_KEY_NSHealthUpdateUsageDescription = "This app writes data to HealthKit to supplment the logging of health data and allows syncing between this app and Apple Health or other HealthKit enabled apps";
				INFOPLIST_KEY_NSPhotoLibraryUsageDescription = "We need photo library access to analyze nutrition labels from your photos";
				INFOPLIST_KEY_UIApplicationSupportsIndirectInputEvents = YES;
				INFOPLIST_KEY_UILaunchScreen_Generation = YES;
				INFOPLIST_KEY_UIStatusBarStyle = "";
				INFOPLIST_KEY_UISupportedInterfaceOrientations = "(Array) UIInterfaceOrientationLandscapeLeft UIInterfaceOrientationLandscapeRight UIInterfaceOrientationPortrait UISupportedInterfaceOrientations";
				INFOPLIST_KEY_UISupportedInterfaceOrientations_iPad = "UIInterfaceOrientationLandscapeLeft UIInterfaceOrientationLandscapeRight UIInterfaceOrientationPortrait UIInterfaceOrientationPortraitUpsideDown";
				INFOPLIST_KEY_UISupportedInterfaceOrientations_iPhone = "";
				IPHONEOS_DEPLOYMENT_TARGET = 26.0;
				LD_RUNPATH_SEARCH_PATHS = (
					"$(inherited)",
					"@executable_path/Frameworks",
				);
				LIBRARY_SEARCH_PATHS = "";
				MARKETING_VERSION = 1.0;
				OTHER_LDFLAGS = "";
				PRODUCT_BUNDLE_IDENTIFIER = None.Nutrivance;
				PRODUCT_NAME = "$(TARGET_NAME)";
				REGISTER_APP_GROUPS = YES;
				SUPPORTED_PLATFORMS = "iphoneos iphonesimulator";
				SUPPORTS_MACCATALYST = YES;
				SUPPORTS_MAC_DESIGNED_FOR_IPHONE_IPAD = NO;
				SUPPORTS_XR_DESIGNED_FOR_IPHONE_IPAD = NO;
				SWIFT_EMIT_LOC_STRINGS = YES;
				SWIFT_OBJC_BRIDGING_HEADER = "";
				SWIFT_OPTIMIZATION_LEVEL = "-Onone";
				SWIFT_VERSION = 5.0;
				TARGETED_DEVICE_FAMILY = "1,2";
			};
			name = Debug;
		};
		15D7FFC52CD1426A0048E050 /* Release */ = {
			isa = XCBuildConfiguration;
			buildSettings = {
				ASSETCATALOG_COMPILER_APPICON_NAME = AppIcon;
				ASSETCATALOG_COMPILER_GLOBAL_ACCENT_COLOR_NAME = AccentColor;
				ASSETCATALOG_COMPILER_INCLUDE_ALL_APPICON_ASSETS = YES;
				CLANG_ENABLE_MODULES = YES;
				CODE_SIGN_ENTITLEMENTS = Nutrivance/Nutrivance.entitlements;
				CODE_SIGN_STYLE = Automatic;
				CURRENT_PROJECT_VERSION = 1;
				DEVELOPMENT_ASSET_PATHS = "\"Nutrivance/Preview Content\"";
				DEVELOPMENT_TEAM = 586BPLW3X9;
				ENABLE_APP_SANDBOX = YES;
				ENABLE_HARDENED_RUNTIME = YES;
				ENABLE_OUTGOING_NETWORK_CONNECTIONS = YES;
				ENABLE_PREVIEWS = YES;
				ENABLE_RESOURCE_ACCESS_CAMERA = YES;
				ENABLE_RESOURCE_ACCESS_LOCATION = YES;
				ENABLE_RESOURCE_ACCESS_PHOTO_LIBRARY = YES;
				GENERATE_INFOPLIST_FILE = YES;
				INFOPLIST_FILE = Nutrivance/Info.plist;
				INFOPLIST_KEY_LSApplicationCategoryType = "public.app-category.healthcare-fitness";
				INFOPLIST_KEY_LSSupportsOpeningDocumentsInPlace = YES;
				INFOPLIST_KEY_NSCameraUsageDescription = "We need camera access to scan nutrition labels";
				INFOPLIST_KEY_NSFaceIDUsageDescription = "Face ID enables security authentication to prevent others using your device from access certain health metrics";
				INFOPLIST_KEY_NSHealthClinicalHealthRecordsShareUsageDescription = "";
				INFOPLIST_KEY_NSHealthShareUsageDescription = "This app requires access to Health data to provide useful data in fitness, mental health, and nutrition";
				INFOPLIST_KEY_NSHealthUpdateUsageDescription = "This app writes data to HealthKit to supplment the logging of health data and allows syncing between this app and Apple Health or other HealthKit enabled apps";
				INFOPLIST_KEY_NSPhotoLibraryUsageDescription = "We need photo library access to analyze nutrition labels from your photos";
				INFOPLIST_KEY_UIApplicationSupportsIndirectInputEvents = YES;
				INFOPLIST_KEY_UILaunchScreen_Generation = YES;
				INFOPLIST_KEY_UIStatusBarStyle = "";
				INFOPLIST_KEY_UISupportedInterfaceOrientations = "(Array) UIInterfaceOrientationLandscapeLeft UIInterfaceOrientationLandscapeRight UIInterfaceOrientationPortrait UISupportedInterfaceOrientations";
				INFOPLIST_KEY_UISupportedInterfaceOrientations_iPad = "UIInterfaceOrientationLandscapeLeft UIInterfaceOrientationLandscapeRight UIInterfaceOrientationPortrait UIInterfaceOrientationPortraitUpsideDown";
				INFOPLIST_KEY_UISupportedInterfaceOrientations_iPhone = "";
				IPHONEOS_DEPLOYMENT_TARGET = 26.0;
				LD_RUNPATH_SEARCH_PATHS = (
					"$(inherited)",
					"@executable_path/Frameworks",
				);
				LIBRARY_SEARCH_PATHS = "";
				MARKETING_VERSION = 1.0;
				OTHER_LDFLAGS = "";
				PRODUCT_BUNDLE_IDENTIFIER = None.Nutrivance;
				PRODUCT_NAME = "$(TARGET_NAME)";
				REGISTER_APP_GROUPS = YES;
				SUPPORTED_PLATFORMS = "iphoneos iphonesimulator";
				SUPPORTS_MACCATALYST = YES;
				SUPPORTS_MAC_DESIGNED_FOR_IPHONE_IPAD = NO;
				SUPPORTS_XR_DESIGNED_FOR_IPHONE_IPAD = NO;
				SWIFT_EMIT_LOC_STRINGS = YES;
				SWIFT_OBJC_BRIDGING_HEADER = "";
				SWIFT_VERSION = 5.0;
				TARGETED_DEVICE_FAMILY = "1,2";
			};
			name = Release;
		};
		15D7FFC72CD1426A0048E050 /* Debug */ = {
			isa = XCBuildConfiguration;
			buildSettings = {
				BUNDLE_LOADER = "$(TEST_HOST)";
				CODE_SIGN_STYLE = Automatic;
				CURRENT_PROJECT_VERSION = 1;
				DEVELOPMENT_TEAM = 27TF38C56Z;
				GENERATE_INFOPLIST_FILE = YES;
				IPHONEOS_DEPLOYMENT_TARGET = 18.0;
				MARKETING_VERSION = 1.0;
				PRODUCT_BUNDLE_IDENTIFIER = None.NutrivanceTests;
				PRODUCT_NAME = "$(TARGET_NAME)";
				SWIFT_EMIT_LOC_STRINGS = NO;
				SWIFT_VERSION = 5.0;
				TARGETED_DEVICE_FAMILY = "1,2";
				TEST_HOST = "$(BUILT_PRODUCTS_DIR)/Nutrivance.app/$(BUNDLE_EXECUTABLE_FOLDER_PATH)/Nutrivance";
			};
			name = Debug;
		};
		15D7FFC82CD1426A0048E050 /* Release */ = {
			isa = XCBuildConfiguration;
			buildSettings = {
				BUNDLE_LOADER = "$(TEST_HOST)";
				CODE_SIGN_STYLE = Automatic;
				CURRENT_PROJECT_VERSION = 1;
				DEVELOPMENT_TEAM = 27TF38C56Z;
				GENERATE_INFOPLIST_FILE = YES;
				IPHONEOS_DEPLOYMENT_TARGET = 18.0;
				MARKETING_VERSION = 1.0;
				PRODUCT_BUNDLE_IDENTIFIER = None.NutrivanceTests;
				PRODUCT_NAME = "$(TARGET_NAME)";
				SWIFT_EMIT_LOC_STRINGS = NO;
				SWIFT_VERSION = 5.0;
				TARGETED_DEVICE_FAMILY = "1,2";
				TEST_HOST = "$(BUILT_PRODUCTS_DIR)/Nutrivance.app/$(BUNDLE_EXECUTABLE_FOLDER_PATH)/Nutrivance";
			};
			name = Release;
		};
		15D7FFCA2CD1426A0048E050 /* Debug */ = {
			isa = XCBuildConfiguration;
			buildSettings = {
				CODE_SIGN_STYLE = Automatic;
				CURRENT_PROJECT_VERSION = 1;
				DEVELOPMENT_TEAM = 27TF38C56Z;
				GENERATE_INFOPLIST_FILE = YES;
				MARKETING_VERSION = 1.0;
				PRODUCT_BUNDLE_IDENTIFIER = None.NutrivanceUITests;
				PRODUCT_NAME = "$(TARGET_NAME)";
				SWIFT_EMIT_LOC_STRINGS = NO;
				SWIFT_VERSION = 5.0;
				TARGETED_DEVICE_FAMILY = "1,2";
				TEST_TARGET_NAME = Nutrivance;
			};
			name = Debug;
		};
		15D7FFCB2CD1426A0048E050 /* Release */ = {
			isa = XCBuildConfiguration;
			buildSettings = {
				CODE_SIGN_STYLE = Automatic;
				CURRENT_PROJECT_VERSION = 1;
				DEVELOPMENT_TEAM = 27TF38C56Z;
				GENERATE_INFOPLIST_FILE = YES;
				MARKETING_VERSION = 1.0;
				PRODUCT_BUNDLE_IDENTIFIER = None.NutrivanceUITests;
				PRODUCT_NAME = "$(TARGET_NAME)";
				SWIFT_EMIT_LOC_STRINGS = NO;
				SWIFT_VERSION = 5.0;
				TARGETED_DEVICE_FAMILY = "1,2";
				TEST_TARGET_NAME = Nutrivance;
			};
			name = Release;
		};
/* End XCBuildConfiguration section */

/* Begin XCConfigurationList section */
		15753FA92F74D9CA00007262 /* Build configuration list for PBXNativeTarget "Nutrivance for Apple Watch Watch App" */ = {
			isa = XCConfigurationList;
			buildConfigurations = (
				15753FA72F74D9CA00007262 /* Debug */,
				15753FA82F74D9CA00007262 /* Release */,
			);
			defaultConfigurationIsVisible = 0;
			defaultConfigurationName = Release;
		};
		15D7FF982CD142690048E050 /* Build configuration list for PBXProject "Nutrivance" */ = {
			isa = XCConfigurationList;
			buildConfigurations = (
				15D7FFC12CD1426A0048E050 /* Debug */,
				15D7FFC22CD1426A0048E050 /* Release */,
			);
			defaultConfigurationIsVisible = 0;
			defaultConfigurationName = Release;
		};
		15D7FFC32CD1426A0048E050 /* Build configuration list for PBXNativeTarget "Nutrivance" */ = {
			isa = XCConfigurationList;
			buildConfigurations = (
				15D7FFC42CD1426A0048E050 /* Debug */,
				15D7FFC52CD1426A0048E050 /* Release */,
			);
			defaultConfigurationIsVisible = 0;
			defaultConfigurationName = Release;
		};
		15D7FFC62CD1426A0048E050 /* Build configuration list for PBXNativeTarget "NutrivanceTests" */ = {
			isa = XCConfigurationList;
			buildConfigurations = (
				15D7FFC72CD1426A0048E050 /* Debug */,
				15D7FFC82CD1426A0048E050 /* Release */,
			);
			defaultConfigurationIsVisible = 0;
			defaultConfigurationName = Release;
		};
		15D7FFC92CD1426A0048E050 /* Build configuration list for PBXNativeTarget "NutrivanceUITests" */ = {
			isa = XCConfigurationList;
			buildConfigurations = (
				15D7FFCA2CD1426A0048E050 /* Debug */,
				15D7FFCB2CD1426A0048E050 /* Release */,
			);
			defaultConfigurationIsVisible = 0;
			defaultConfigurationName = Release;
		};
/* End XCConfigurationList section */

/* Begin XCRemoteSwiftPackageReference section */
		15D149C62F87F30A007BA63A /* XCRemoteSwiftPackageReference "mlx-swift" */ = {
			isa = XCRemoteSwiftPackageReference;
			repositoryURL = "https://github.com/ml-explore/mlx-swift";
			requirement = {
				kind = upToNextMajorVersion;
				minimumVersion = 0.31.3;
			};
		};
		22A1B3C12FAAA00100A1B2C3 /* XCRemoteSwiftPackageReference "mlx-swift-lm" */ = {
			isa = XCRemoteSwiftPackageReference;
			repositoryURL = "https://github.com/ml-explore/mlx-swift-lm";
			requirement = {
				kind = upToNextMajorVersion;
				minimumVersion = 2.31.3;
			};
		};
/* End XCRemoteSwiftPackageReference section */

/* Begin XCSwiftPackageProductDependency section */
		15D149C72F87F30A007BA63A /* MLX */ = {
			isa = XCSwiftPackageProductDependency;
			package = 15D149C62F87F30A007BA63A /* XCRemoteSwiftPackageReference "mlx-swift" */;
			productName = MLX;
		};
		15D149C92F87F30A007BA63A /* MLXFFT */ = {
			isa = XCSwiftPackageProductDependency;
			package = 15D149C62F87F30A007BA63A /* XCRemoteSwiftPackageReference "mlx-swift" */;
			productName = MLXFFT;
		};
		15D149CB2F87F30A007BA63A /* MLXFast */ = {
			isa = XCSwiftPackageProductDependency;
			package = 15D149C62F87F30A007BA63A /* XCRemoteSwiftPackageReference "mlx-swift" */;
			productName = MLXFast;
		};
		15D149CD2F87F30A007BA63A /* MLXLinalg */ = {
			isa = XCSwiftPackageProductDependency;
			package = 15D149C62F87F30A007BA63A /* XCRemoteSwiftPackageReference "mlx-swift" */;
			productName = MLXLinalg;
		};
		15D149CF2F87F30A007BA63A /* MLXNN */ = {
			isa = XCSwiftPackageProductDependency;
			package = 15D149C62F87F30A007BA63A /* XCRemoteSwiftPackageReference "mlx-swift" */;
			productName = MLXNN;
		};
		15D149D12F87F30A007BA63A /* MLXOptimizers */ = {
			isa = XCSwiftPackageProductDependency;
			package = 15D149C62F87F30A007BA63A /* XCRemoteSwiftPackageReference "mlx-swift" */;
			productName = MLXOptimizers;
		};
		15D149D32F87F30A007BA63A /* MLXRandom */ = {
			isa = XCSwiftPackageProductDependency;
			package = 15D149C62F87F30A007BA63A /* XCRemoteSwiftPackageReference "mlx-swift" */;
			productName = MLXRandom;
		};
		22A1B3C22FAAA00100A1B2C3 /* MLXLLM */ = {
			isa = XCSwiftPackageProductDependency;
			package = 22A1B3C12FAAA00100A1B2C3 /* XCRemoteSwiftPackageReference "mlx-swift-lm" */;
			productName = MLXLLM;
		};
		22A1B3C32FAAA00100A1B2C3 /* MLXLMCommon */ = {
			isa = XCSwiftPackageProductDependency;
			package = 22A1B3C12FAAA00100A1B2C3 /* XCRemoteSwiftPackageReference "mlx-swift-lm" */;
			productName = MLXLMCommon;
		};
/* End XCSwiftPackageProductDependency section */
	};
	rootObject = 15D7FF952CD142690048E050 /* Project object */;
}
